
Microsoft Visual Studio Solution File, Format Version 12.00
# Visual Studio Version 16
VisualStudioVersion = 16.0.28803.156
MinimumVisualStudioVersion = 10.0.40219.1
Project("{2150E333-8FDC-42A3-9474-1A3956D46DE8}") = "src", "src", "{EEA9BD6B-DDFF-4580-99D3-0FBBC644FC4D}"
EndProject
Project("{2150E333-8FDC-42A3-9474-1A3956D46DE8}") = "test", "test", "{41C25D4F-945B-4C32-99B7-E8F8F92CF28F}"
EndProject
Project("{2150E333-8FDC-42A3-9474-1A3956D46DE8}") = "Seedworks", "Seedworks", "{1307B4CE-04FF-4315-BC01-0371760D5C26}"
EndProject
Project("{2150E333-8FDC-42A3-9474-1A3956D46DE8}") = "Services", "Services", "{7942CE31-3804-446A-845B-0451884BB6B7}"
EndProject
Project("{2150E333-8FDC-42A3-9474-1A3956D46DE8}") = "SharedKernel", "SharedKernel", "{2DC678B2-4968-45FA-864C-1B0B5412A044}"
EndProject
Project("{2150E333-8FDC-42A3-9474-1A3956D46DE8}") = "SharedKernel", "SharedKernel", "{6A898FA3-25B8-4279-81E2-BDAEB04ECECE}"
EndProject
Project("{2150E333-8FDC-42A3-9474-1A3956D46DE8}") = "Seedworks", "Seedworks", "{F7DE7ED3-CD36-4F3C-889F-8AB2E1ED4EA2}"
EndProject
Project("{2150E333-8FDC-42A3-9474-1A3956D46DE8}") = "Services", "Services", "{3CA87398-12EE-47C8-B7E3-9D26EA6C5864}"
EndProject
Project("{2150E333-8FDC-42A3-9474-1A3956D46DE8}") = "Identity", "Identity", "{3799662A-7D24-4FE0-B23F-38281CA1D84E}"
EndProject
Project("{E53339B2-1760-4266-BCC7-CA923CBCF16C}") = "docker-compose", "docker-compose.dcproj", "{702D7D71-3CD1-436F-BD4E-6A488BB3CFC9}"
EndProject
Project("{9A19103F-16F7-4668-BE54-9A1E7A4F7556}") = "eDoxa.Seedwork.Domain", "src\eDoxa.Seedwork.Domain\eDoxa.Seedwork.Domain.csproj", "{F0B3E0DC-F868-4608-A18C-E32A8F82A1DF}"
EndProject
Project("{9A19103F-16F7-4668-BE54-9A1E7A4F7556}") = "eDoxa.Seedwork.Infrastructure", "src\eDoxa.Seedwork.Infrastructure\eDoxa.Seedwork.Infrastructure.csproj", "{D5C474AE-A8B1-414E-A166-F685E021C80E}"
EndProject
Project("{9A19103F-16F7-4668-BE54-9A1E7A4F7556}") = "eDoxa.Seedwork.Application", "src\eDoxa.Seedwork.Application\eDoxa.Seedwork.Application.csproj", "{2E0C1FE0-439B-40FA-922D-554F8C97F929}"
EndProject
Project("{9A19103F-16F7-4668-BE54-9A1E7A4F7556}") = "eDoxa.Identity.Domain", "src\eDoxa.Identity.Domain\eDoxa.Identity.Domain.csproj", "{B85760FE-16FD-4A3E-BCA4-89A462A79839}"
EndProject
Project("{9A19103F-16F7-4668-BE54-9A1E7A4F7556}") = "eDoxa.Identity.Infrastructure", "src\eDoxa.Identity.Infrastructure\eDoxa.Identity.Infrastructure.csproj", "{FE8ED9DF-EAC7-4E33-9D9F-214CAB809759}"
EndProject
Project("{2150E333-8FDC-42A3-9474-1A3956D46DE8}") = "Solution Items", "Solution Items", "{6320F9AE-AC74-456A-869F-5A570C3467AB}"
	ProjectSection(SolutionItems) = preProject
		.env = .env
		global.json = global.json
	EndProjectSection
EndProject
Project("{2150E333-8FDC-42A3-9474-1A3956D46DE8}") = "Identity", "Identity", "{7378CCA3-77A9-493F-8235-3FA775D77F38}"
EndProject
Project("{9A19103F-16F7-4668-BE54-9A1E7A4F7556}") = "eDoxa.Seedwork.Application.Tests", "test\eDoxa.Seedwork.Application.Tests\eDoxa.Seedwork.Application.Tests.csproj", "{8FDB1515-4E56-4E88-8314-EFB99ABCC70F}"
EndProject
Project("{9A19103F-16F7-4668-BE54-9A1E7A4F7556}") = "eDoxa.Seedwork.Domain.Tests", "test\eDoxa.Seedwork.Domain.Tests\eDoxa.Seedwork.Domain.Tests.csproj", "{2017A8AC-DD72-44B6-BBD0-D7D7323F4B28}"
EndProject
Project("{9A19103F-16F7-4668-BE54-9A1E7A4F7556}") = "eDoxa.Seedwork.Infrastructure.Tests", "test\eDoxa.Seedwork.Infrastructure.Tests\eDoxa.Seedwork.Infrastructure.Tests.csproj", "{746B1848-9C98-4C56-874B-957F5C7EBC95}"
EndProject
Project("{9A19103F-16F7-4668-BE54-9A1E7A4F7556}") = "eDoxa.Identity.Api.Tests", "test\eDoxa.Identity.API.Tests\eDoxa.Identity.Api.Tests.csproj", "{7464E7E8-D4EB-4A07-90CA-737090167E7F}"
EndProject
Project("{9A19103F-16F7-4668-BE54-9A1E7A4F7556}") = "eDoxa.Identity.Domain.Tests", "test\eDoxa.Identity.Domain.Tests\eDoxa.Identity.Domain.Tests.csproj", "{ED1BED9D-74D7-4CE2-8928-D4F47A72B0EE}"
EndProject
Project("{9A19103F-16F7-4668-BE54-9A1E7A4F7556}") = "eDoxa.Identity.Infrastructure.Tests", "test\eDoxa.Identity.Infrastructure.Tests\eDoxa.Identity.Infrastructure.Tests.csproj", "{DAAEE880-44C4-40FC-838E-2F351A0C70FB}"
EndProject
Project("{2150E333-8FDC-42A3-9474-1A3956D46DE8}") = "Cashier", "Cashier", "{9F1CD6C1-8419-4262-B7AE-F66C530B9EC7}"
EndProject
Project("{2150E333-8FDC-42A3-9474-1A3956D46DE8}") = "Cashier", "Cashier", "{F98C4934-B320-4E58-8A09-95800C247D3E}"
EndProject
Project("{2150E333-8FDC-42A3-9474-1A3956D46DE8}") = "Web Apps", "Web Apps", "{E8C72A66-8993-427D-A2BA-73B170309B32}"
EndProject
Project("{9A19103F-16F7-4668-BE54-9A1E7A4F7556}") = "eDoxa.Autofac", "src\eDoxa.Autofac\eDoxa.Autofac.csproj", "{0E033FC0-BA2C-483B-A0A2-5A1179E417E5}"
EndProject
Project("{9A19103F-16F7-4668-BE54-9A1E7A4F7556}") = "eDoxa.Cashier.Domain", "src\eDoxa.Cashier.Domain\eDoxa.Cashier.Domain.csproj", "{A9B47528-7CFE-4614-AB77-1DA20808FE4B}"
EndProject
Project("{9A19103F-16F7-4668-BE54-9A1E7A4F7556}") = "eDoxa.Cashier.Infrastructure", "src\eDoxa.Cashier.Infrastructure\eDoxa.Cashier.Infrastructure.csproj", "{A83F8028-ECBA-4DBF-B061-70FA5B20100E}"
EndProject
Project("{9A19103F-16F7-4668-BE54-9A1E7A4F7556}") = "eDoxa.Cashier.Api", "src\eDoxa.Cashier.API\eDoxa.Cashier.Api.csproj", "{5971159D-5B73-4C21-AD50-671B8EAEE388}"
EndProject
Project("{9A19103F-16F7-4668-BE54-9A1E7A4F7556}") = "eDoxa.Cashier.Domain.Tests", "test\eDoxa.Cashier.Domain.Tests\eDoxa.Cashier.Domain.Tests.csproj", "{155A2C56-0F06-4156-B626-1C8A714B59FD}"
EndProject
Project("{9A19103F-16F7-4668-BE54-9A1E7A4F7556}") = "eDoxa.Cashier.Infrastructure.Tests", "test\eDoxa.Cashier.Infrastructure.Tests\eDoxa.Cashier.Infrastructure.Tests.csproj", "{F5C290EC-F40E-430F-828B-5E8885D9C27D}"
EndProject
Project("{9A19103F-16F7-4668-BE54-9A1E7A4F7556}") = "eDoxa.Cashier.Api.Tests", "test\eDoxa.Cashier.API.Tests\eDoxa.Cashier.Api.Tests.csproj", "{856BD28B-95F4-4E3A-9F14-BCB9EFB0F075}"
EndProject
Project("{9A19103F-16F7-4668-BE54-9A1E7A4F7556}") = "eDoxa.Security", "src\eDoxa.Security\eDoxa.Security.csproj", "{CA598B44-D1AC-454C-B5B1-C4000D6ED98F}"
EndProject
Project("{9A19103F-16F7-4668-BE54-9A1E7A4F7556}") = "eDoxa.Monitoring", "src\eDoxa.Monitoring\eDoxa.Monitoring.csproj", "{4F2649C2-0302-4FF1-BE0F-049286F02BEF}"
EndProject
Project("{9A19103F-16F7-4668-BE54-9A1E7A4F7556}") = "eDoxa.Testing.MSTest", "test\eDoxa.Testing.MSTest\eDoxa.Testing.MSTest.csproj", "{04068351-937D-4F87-825F-A94E774D5FF3}"
EndProject
Project("{9A19103F-16F7-4668-BE54-9A1E7A4F7556}") = "eDoxa.ServiceBus", "src\eDoxa.ServiceBus\eDoxa.ServiceBus.csproj", "{87D95A96-616D-4D3F-94D2-755D5261BCEC}"
EndProject
Project("{9A19103F-16F7-4668-BE54-9A1E7A4F7556}") = "eDoxa.ServiceBus.Tests", "test\eDoxa.ServiceBus.Tests\eDoxa.ServiceBus.Tests.csproj", "{2A15B6AD-6CC4-495F-9975-9778A82789A5}"
EndProject
Project("{9A19103F-16F7-4668-BE54-9A1E7A4F7556}") = "eDoxa.Swagger", "src\eDoxa.Swagger\eDoxa.Swagger.csproj", "{88D3EF45-EA56-43FA-AD2C-01CD79A8383D}"
EndProject
Project("{9A19103F-16F7-4668-BE54-9A1E7A4F7556}") = "eDoxa.AutoMapper", "src\eDoxa.AutoMapper\eDoxa.AutoMapper.csproj", "{4E8B3EC4-A3A6-42D8-A721-160156D898AC}"
EndProject
Project("{9A19103F-16F7-4668-BE54-9A1E7A4F7556}") = "eDoxa.Web.Spa", "src\eDoxa.Web.Spa\eDoxa.Web.Spa.csproj", "{A09B0ACE-CA61-43A5-8861-334A4B29567A}"
EndProject
Project("{2150E333-8FDC-42A3-9474-1A3956D46DE8}") = "Challenges", "Challenges", "{4A56FF53-2BBF-4B13-8C17-F2BF14273A0C}"
EndProject
Project("{2150E333-8FDC-42A3-9474-1A3956D46DE8}") = "Challenges", "Challenges", "{7C414564-DB04-47D4-88B1-7C7B24C7904F}"
EndProject
Project("{9A19103F-16F7-4668-BE54-9A1E7A4F7556}") = "eDoxa.Challenges.Api", "src\eDoxa.Challenges.Api\eDoxa.Challenges.Api.csproj", "{537E438A-B735-4E06-8642-3D43653022AA}"
EndProject
Project("{9A19103F-16F7-4668-BE54-9A1E7A4F7556}") = "eDoxa.Challenges.Domain", "src\eDoxa.Challenges.Domain\eDoxa.Challenges.Domain.csproj", "{26064B6A-6428-4EEA-A763-4765D16F53A9}"
EndProject
Project("{9A19103F-16F7-4668-BE54-9A1E7A4F7556}") = "eDoxa.Challenges.Domain.Services", "src\eDoxa.Challenges.Domain.Services\eDoxa.Challenges.Domain.Services.csproj", "{1D39FDBE-5B14-4847-AD17-A7D3CC8BABE3}"
EndProject
Project("{9A19103F-16F7-4668-BE54-9A1E7A4F7556}") = "eDoxa.Challenges.Domain.Services.LeagueOfLegends", "src\eDoxa.Challenges.Domain.Services.LeagueOfLegends\eDoxa.Challenges.Domain.Services.LeagueOfLegends.csproj", "{F2068D67-7979-4489-A065-3EAC06AACC87}"
EndProject
Project("{9A19103F-16F7-4668-BE54-9A1E7A4F7556}") = "eDoxa.Challenges.Domain.Services.LeagueOfLegends.Api", "src\eDoxa.Challenges.Domain.Services.LeagueOfLegends.Api\eDoxa.Challenges.Domain.Services.LeagueOfLegends.Api.csproj", "{3C65E5B4-201F-421B-B6C0-B9C7786A37FB}"
EndProject
Project("{9A19103F-16F7-4668-BE54-9A1E7A4F7556}") = "eDoxa.Challenges.Domain.Services.LeagueOfLegends.DTO", "src\eDoxa.Challenges.Domain.Services.LeagueOfLegends.DTO\eDoxa.Challenges.Domain.Services.LeagueOfLegends.DTO.csproj", "{1D1AC7CF-CA29-4799-80DB-F1C712D0EE5E}"
EndProject
Project("{9A19103F-16F7-4668-BE54-9A1E7A4F7556}") = "eDoxa.Challenges.DTO", "src\eDoxa.Challenges.DTO\eDoxa.Challenges.DTO.csproj", "{F1068767-089A-4838-AB81-4F37BAFCC9C4}"
EndProject
Project("{9A19103F-16F7-4668-BE54-9A1E7A4F7556}") = "eDoxa.Challenges.Infrastructure", "src\eDoxa.Challenges.Infrastructure\eDoxa.Challenges.Infrastructure.csproj", "{50285329-CE38-46E6-AD22-A5796D8AC954}"
EndProject
Project("{9A19103F-16F7-4668-BE54-9A1E7A4F7556}") = "eDoxa.Challenges.Api.Tests", "test\eDoxa.Challenges.Api.Tests\eDoxa.Challenges.Api.Tests.csproj", "{3A356AD5-FC88-49E0-8AEB-7805E903627E}"
EndProject
Project("{9A19103F-16F7-4668-BE54-9A1E7A4F7556}") = "eDoxa.Challenges.Domain.Services.LeagueOfLegends.Api.Tests", "test\eDoxa.Challenges.Domain.Services.LeagueOfLegends.Api.Tests\eDoxa.Challenges.Domain.Services.LeagueOfLegends.Api.Tests.csproj", "{E4F92932-901B-462C-ACD0-C2CB64411FC2}"
EndProject
Project("{9A19103F-16F7-4668-BE54-9A1E7A4F7556}") = "eDoxa.Challenges.Domain.Services.LeagueOfLegends.DTO.Tests", "test\eDoxa.Challenges.Domain.Services.LeagueOfLegends.DTO.Tests\eDoxa.Challenges.Domain.Services.LeagueOfLegends.DTO.Tests.csproj", "{C35E9F04-444B-45AA-8BF1-786B9E3EFE96}"
EndProject
Project("{9A19103F-16F7-4668-BE54-9A1E7A4F7556}") = "eDoxa.Challenges.Domain.Services.LeagueOfLegends.Tests", "test\eDoxa.Challenges.Domain.Services.LeagueOfLegends.Tests\eDoxa.Challenges.Domain.Services.LeagueOfLegends.Tests.csproj", "{AE7A54FD-7B7A-44D0-84FA-4447B28232AC}"
EndProject
Project("{9A19103F-16F7-4668-BE54-9A1E7A4F7556}") = "eDoxa.Challenges.Domain.Services.Tests", "test\eDoxa.Challenges.Domain.Services.Tests\eDoxa.Challenges.Domain.Services.Tests.csproj", "{4E0361F3-CE14-42C5-9E30-96167BE4468D}"
EndProject
Project("{9A19103F-16F7-4668-BE54-9A1E7A4F7556}") = "eDoxa.Challenges.Domain.Tests", "test\eDoxa.Challenges.Domain.Tests\eDoxa.Challenges.Domain.Tests.csproj", "{96F4D447-15AE-4E1F-9BA5-DF611250CB3E}"
EndProject
Project("{9A19103F-16F7-4668-BE54-9A1E7A4F7556}") = "eDoxa.Challenges.Infrastructure.Tests", "test\eDoxa.Challenges.Infrastructure.Tests\eDoxa.Challenges.Infrastructure.Tests.csproj", "{A69FFE4A-F6CC-468E-9063-4F53AFCF9389}"
EndProject
Project("{9A19103F-16F7-4668-BE54-9A1E7A4F7556}") = "eDoxa.Identity.DTO", "src\eDoxa.Identity.DTO\eDoxa.Identity.DTO.csproj", "{6D6F4070-9404-438E-A9A4-D86AE3872DA9}"
EndProject
Project("{9A19103F-16F7-4668-BE54-9A1E7A4F7556}") = "eDoxa.Cashier.DTO", "src\eDoxa.Cashier.DTO\eDoxa.Cashier.DTO.csproj", "{6055B244-6176-4924-9789-926AFC5815F9}"
EndProject
Project("{9A19103F-16F7-4668-BE54-9A1E7A4F7556}") = "eDoxa.Identity", "src\eDoxa.Identity\eDoxa.Identity.csproj", "{F5E612B6-9902-4967-9C33-9CB2B9391A64}"
EndProject
Project("{9A19103F-16F7-4668-BE54-9A1E7A4F7556}") = "eDoxa.Identity.Application", "src\eDoxa.Identity.Application\eDoxa.Identity.Application.csproj", "{D9BDF7C2-0871-44A5-B6DA-6596B4C4BE3F}"
EndProject
Project("{9A19103F-16F7-4668-BE54-9A1E7A4F7556}") = "eDoxa.Identity.Application.Tests", "test\eDoxa.Identity.Application.Tests\eDoxa.Identity.Application.Tests.csproj", "{A762C1F5-7A9D-41C3-BEF2-4C180C710D58}"
EndProject
Project("{9A19103F-16F7-4668-BE54-9A1E7A4F7556}") = "eDoxa.Challenges.Application", "src\eDoxa.Challenges.Application\eDoxa.Challenges.Application.csproj", "{0FFC79D4-C237-43F4-AA60-B56A2E561F1B}"
EndProject
Project("{9A19103F-16F7-4668-BE54-9A1E7A4F7556}") = "eDoxa.Challenges.Application.Tests", "test\eDoxa.Challenges.Application.Tests\eDoxa.Challenges.Application.Tests.csproj", "{86F61B4A-94A7-46FA-BABC-A8C6D0619355}"
EndProject
Project("{9A19103F-16F7-4668-BE54-9A1E7A4F7556}") = "eDoxa.Cashier.Application", "src\eDoxa.Cashier.Application\eDoxa.Cashier.Application.csproj", "{6EAA6056-587B-4E94-8B3D-432315D8955F}"
EndProject
Project("{9A19103F-16F7-4668-BE54-9A1E7A4F7556}") = "eDoxa.Cashier.Application.Tests", "test\eDoxa.Cashier.Application.Tests\eDoxa.Cashier.Application.Tests.csproj", "{7D492D69-C2A1-4572-9B90-1B2958618ABD}"
EndProject
Project("{9A19103F-16F7-4668-BE54-9A1E7A4F7556}") = "eDoxa.Stripe", "src\eDoxa.Stripe\eDoxa.Stripe.csproj", "{8CA2228D-ACFA-47DC-9D4B-8F57ABF4C481}"
EndProject
Project("{9A19103F-16F7-4668-BE54-9A1E7A4F7556}") = "eDoxa.Stripe.Tests", "test\eDoxa.Stripe.Tests\eDoxa.Stripe.Tests.csproj", "{E8E74F85-7F1B-4CB0-8F07-362526369F21}"
EndProject
Project("{9A19103F-16F7-4668-BE54-9A1E7A4F7556}") = "eDoxa.Security.Tests", "test\eDoxa.Security.Tests\eDoxa.Security.Tests.csproj", "{8D821518-9E13-4C10-9891-62280B644F77}"
EndProject
Project("{9A19103F-16F7-4668-BE54-9A1E7A4F7556}") = "eDoxa.Web.Status", "src\eDoxa.Web.Status\eDoxa.Web.Status.csproj", "{B8A54065-A9FA-430B-BEBE-28BA9FD6C3F5}"
EndProject
Project("{9A19103F-16F7-4668-BE54-9A1E7A4F7556}") = "eDoxa.IdentityServer", "src\eDoxa.IdentityServer\eDoxa.IdentityServer.csproj", "{CC33C5EC-5CD7-45D8-BE69-364B59DF6D63}"
EndProject
Project("{9A19103F-16F7-4668-BE54-9A1E7A4F7556}") = "eDoxa.Cashier.Domain.Services", "src\eDoxa.Cashier.Domain.Services\eDoxa.Cashier.Domain.Services.csproj", "{DA098B56-EF4E-4F98-8336-7A48BB74A903}"
EndProject
Project("{9A19103F-16F7-4668-BE54-9A1E7A4F7556}") = "eDoxa.Functional", "src\eDoxa.Functional\eDoxa.Functional.csproj", "{4E646F89-63D4-4DDC-86C2-FA79C8E3487E}"
EndProject
Project("{9A19103F-16F7-4668-BE54-9A1E7A4F7556}") = "eDoxa.Specifications", "src\eDoxa.Specifications\eDoxa.Specifications.csproj", "{A92AF9D1-6AC2-4A4C-9C0F-74A715980062}"
EndProject
Project("{9A19103F-16F7-4668-BE54-9A1E7A4F7556}") = "eDoxa.Specifications.Tests", "test\eDoxa.Specifications.Tests\eDoxa.Specifications.Tests.csproj", "{EFDB7BB9-FF2C-4038-8AFC-CDE6EAC77875}"
EndProject
Project("{9A19103F-16F7-4668-BE54-9A1E7A4F7556}") = "eDoxa.Commands", "src\eDoxa.Commands\eDoxa.Commands.csproj", "{3700A51C-AAAA-4DBA-A106-6E4AEAA69A79}"
EndProject
Project("{FAE04EC0-301F-11D3-BF4B-00C04F79EFBC}") = "eDoxa.Versioning", "src\eDoxa.Versioning\eDoxa.Versioning.csproj", "{47324165-E5B3-4167-A657-4A42D4A592C7}"
EndProject
Global
	GlobalSection(SolutionConfigurationPlatforms) = preSolution
		Debug|Any CPU = Debug|Any CPU
		Release|Any CPU = Release|Any CPU
	EndGlobalSection
	GlobalSection(ProjectConfigurationPlatforms) = postSolution
		{702D7D71-3CD1-436F-BD4E-6A488BB3CFC9}.Debug|Any CPU.ActiveCfg = Debug|Any CPU
		{702D7D71-3CD1-436F-BD4E-6A488BB3CFC9}.Debug|Any CPU.Build.0 = Debug|Any CPU
		{702D7D71-3CD1-436F-BD4E-6A488BB3CFC9}.Release|Any CPU.ActiveCfg = Release|Any CPU
		{702D7D71-3CD1-436F-BD4E-6A488BB3CFC9}.Release|Any CPU.Build.0 = Release|Any CPU
		{F0B3E0DC-F868-4608-A18C-E32A8F82A1DF}.Debug|Any CPU.ActiveCfg = Debug|Any CPU
		{F0B3E0DC-F868-4608-A18C-E32A8F82A1DF}.Debug|Any CPU.Build.0 = Debug|Any CPU
		{F0B3E0DC-F868-4608-A18C-E32A8F82A1DF}.Release|Any CPU.ActiveCfg = Release|Any CPU
		{F0B3E0DC-F868-4608-A18C-E32A8F82A1DF}.Release|Any CPU.Build.0 = Release|Any CPU
		{D5C474AE-A8B1-414E-A166-F685E021C80E}.Debug|Any CPU.ActiveCfg = Debug|Any CPU
		{D5C474AE-A8B1-414E-A166-F685E021C80E}.Debug|Any CPU.Build.0 = Debug|Any CPU
		{D5C474AE-A8B1-414E-A166-F685E021C80E}.Release|Any CPU.ActiveCfg = Release|Any CPU
		{D5C474AE-A8B1-414E-A166-F685E021C80E}.Release|Any CPU.Build.0 = Release|Any CPU
		{2E0C1FE0-439B-40FA-922D-554F8C97F929}.Debug|Any CPU.ActiveCfg = Debug|Any CPU
		{2E0C1FE0-439B-40FA-922D-554F8C97F929}.Debug|Any CPU.Build.0 = Debug|Any CPU
		{2E0C1FE0-439B-40FA-922D-554F8C97F929}.Release|Any CPU.ActiveCfg = Release|Any CPU
		{2E0C1FE0-439B-40FA-922D-554F8C97F929}.Release|Any CPU.Build.0 = Release|Any CPU
		{B85760FE-16FD-4A3E-BCA4-89A462A79839}.Debug|Any CPU.ActiveCfg = Debug|Any CPU
		{B85760FE-16FD-4A3E-BCA4-89A462A79839}.Debug|Any CPU.Build.0 = Debug|Any CPU
		{B85760FE-16FD-4A3E-BCA4-89A462A79839}.Release|Any CPU.ActiveCfg = Release|Any CPU
		{B85760FE-16FD-4A3E-BCA4-89A462A79839}.Release|Any CPU.Build.0 = Release|Any CPU
		{FE8ED9DF-EAC7-4E33-9D9F-214CAB809759}.Debug|Any CPU.ActiveCfg = Debug|Any CPU
		{FE8ED9DF-EAC7-4E33-9D9F-214CAB809759}.Debug|Any CPU.Build.0 = Debug|Any CPU
		{FE8ED9DF-EAC7-4E33-9D9F-214CAB809759}.Release|Any CPU.ActiveCfg = Release|Any CPU
		{FE8ED9DF-EAC7-4E33-9D9F-214CAB809759}.Release|Any CPU.Build.0 = Release|Any CPU
		{8FDB1515-4E56-4E88-8314-EFB99ABCC70F}.Debug|Any CPU.ActiveCfg = Debug|Any CPU
		{8FDB1515-4E56-4E88-8314-EFB99ABCC70F}.Debug|Any CPU.Build.0 = Debug|Any CPU
		{8FDB1515-4E56-4E88-8314-EFB99ABCC70F}.Release|Any CPU.ActiveCfg = Release|Any CPU
		{8FDB1515-4E56-4E88-8314-EFB99ABCC70F}.Release|Any CPU.Build.0 = Release|Any CPU
		{2017A8AC-DD72-44B6-BBD0-D7D7323F4B28}.Debug|Any CPU.ActiveCfg = Debug|Any CPU
		{2017A8AC-DD72-44B6-BBD0-D7D7323F4B28}.Debug|Any CPU.Build.0 = Debug|Any CPU
		{2017A8AC-DD72-44B6-BBD0-D7D7323F4B28}.Release|Any CPU.ActiveCfg = Release|Any CPU
		{2017A8AC-DD72-44B6-BBD0-D7D7323F4B28}.Release|Any CPU.Build.0 = Release|Any CPU
		{746B1848-9C98-4C56-874B-957F5C7EBC95}.Debug|Any CPU.ActiveCfg = Debug|Any CPU
		{746B1848-9C98-4C56-874B-957F5C7EBC95}.Debug|Any CPU.Build.0 = Debug|Any CPU
		{746B1848-9C98-4C56-874B-957F5C7EBC95}.Release|Any CPU.ActiveCfg = Release|Any CPU
		{746B1848-9C98-4C56-874B-957F5C7EBC95}.Release|Any CPU.Build.0 = Release|Any CPU
		{7464E7E8-D4EB-4A07-90CA-737090167E7F}.Debug|Any CPU.ActiveCfg = Debug|Any CPU
		{7464E7E8-D4EB-4A07-90CA-737090167E7F}.Debug|Any CPU.Build.0 = Debug|Any CPU
		{7464E7E8-D4EB-4A07-90CA-737090167E7F}.Release|Any CPU.ActiveCfg = Release|Any CPU
		{7464E7E8-D4EB-4A07-90CA-737090167E7F}.Release|Any CPU.Build.0 = Release|Any CPU
		{ED1BED9D-74D7-4CE2-8928-D4F47A72B0EE}.Debug|Any CPU.ActiveCfg = Debug|Any CPU
		{ED1BED9D-74D7-4CE2-8928-D4F47A72B0EE}.Debug|Any CPU.Build.0 = Debug|Any CPU
		{ED1BED9D-74D7-4CE2-8928-D4F47A72B0EE}.Release|Any CPU.ActiveCfg = Release|Any CPU
		{ED1BED9D-74D7-4CE2-8928-D4F47A72B0EE}.Release|Any CPU.Build.0 = Release|Any CPU
		{DAAEE880-44C4-40FC-838E-2F351A0C70FB}.Debug|Any CPU.ActiveCfg = Debug|Any CPU
		{DAAEE880-44C4-40FC-838E-2F351A0C70FB}.Debug|Any CPU.Build.0 = Debug|Any CPU
		{DAAEE880-44C4-40FC-838E-2F351A0C70FB}.Release|Any CPU.ActiveCfg = Release|Any CPU
		{DAAEE880-44C4-40FC-838E-2F351A0C70FB}.Release|Any CPU.Build.0 = Release|Any CPU
		{0E033FC0-BA2C-483B-A0A2-5A1179E417E5}.Debug|Any CPU.ActiveCfg = Debug|Any CPU
		{0E033FC0-BA2C-483B-A0A2-5A1179E417E5}.Debug|Any CPU.Build.0 = Debug|Any CPU
		{0E033FC0-BA2C-483B-A0A2-5A1179E417E5}.Release|Any CPU.ActiveCfg = Release|Any CPU
		{0E033FC0-BA2C-483B-A0A2-5A1179E417E5}.Release|Any CPU.Build.0 = Release|Any CPU
		{A9B47528-7CFE-4614-AB77-1DA20808FE4B}.Debug|Any CPU.ActiveCfg = Debug|Any CPU
		{A9B47528-7CFE-4614-AB77-1DA20808FE4B}.Debug|Any CPU.Build.0 = Debug|Any CPU
		{A9B47528-7CFE-4614-AB77-1DA20808FE4B}.Release|Any CPU.ActiveCfg = Release|Any CPU
		{A9B47528-7CFE-4614-AB77-1DA20808FE4B}.Release|Any CPU.Build.0 = Release|Any CPU
		{A83F8028-ECBA-4DBF-B061-70FA5B20100E}.Debug|Any CPU.ActiveCfg = Debug|Any CPU
		{A83F8028-ECBA-4DBF-B061-70FA5B20100E}.Debug|Any CPU.Build.0 = Debug|Any CPU
		{A83F8028-ECBA-4DBF-B061-70FA5B20100E}.Release|Any CPU.ActiveCfg = Release|Any CPU
		{A83F8028-ECBA-4DBF-B061-70FA5B20100E}.Release|Any CPU.Build.0 = Release|Any CPU
		{5971159D-5B73-4C21-AD50-671B8EAEE388}.Debug|Any CPU.ActiveCfg = Debug|Any CPU
		{5971159D-5B73-4C21-AD50-671B8EAEE388}.Debug|Any CPU.Build.0 = Debug|Any CPU
		{5971159D-5B73-4C21-AD50-671B8EAEE388}.Release|Any CPU.ActiveCfg = Release|Any CPU
		{5971159D-5B73-4C21-AD50-671B8EAEE388}.Release|Any CPU.Build.0 = Release|Any CPU
		{155A2C56-0F06-4156-B626-1C8A714B59FD}.Debug|Any CPU.ActiveCfg = Debug|Any CPU
		{155A2C56-0F06-4156-B626-1C8A714B59FD}.Debug|Any CPU.Build.0 = Debug|Any CPU
		{155A2C56-0F06-4156-B626-1C8A714B59FD}.Release|Any CPU.ActiveCfg = Release|Any CPU
		{155A2C56-0F06-4156-B626-1C8A714B59FD}.Release|Any CPU.Build.0 = Release|Any CPU
		{F5C290EC-F40E-430F-828B-5E8885D9C27D}.Debug|Any CPU.ActiveCfg = Debug|Any CPU
		{F5C290EC-F40E-430F-828B-5E8885D9C27D}.Debug|Any CPU.Build.0 = Debug|Any CPU
		{F5C290EC-F40E-430F-828B-5E8885D9C27D}.Release|Any CPU.ActiveCfg = Release|Any CPU
		{F5C290EC-F40E-430F-828B-5E8885D9C27D}.Release|Any CPU.Build.0 = Release|Any CPU
		{856BD28B-95F4-4E3A-9F14-BCB9EFB0F075}.Debug|Any CPU.ActiveCfg = Debug|Any CPU
		{856BD28B-95F4-4E3A-9F14-BCB9EFB0F075}.Debug|Any CPU.Build.0 = Debug|Any CPU
		{856BD28B-95F4-4E3A-9F14-BCB9EFB0F075}.Release|Any CPU.ActiveCfg = Release|Any CPU
		{856BD28B-95F4-4E3A-9F14-BCB9EFB0F075}.Release|Any CPU.Build.0 = Release|Any CPU
		{CA598B44-D1AC-454C-B5B1-C4000D6ED98F}.Debug|Any CPU.ActiveCfg = Debug|Any CPU
		{CA598B44-D1AC-454C-B5B1-C4000D6ED98F}.Debug|Any CPU.Build.0 = Debug|Any CPU
		{CA598B44-D1AC-454C-B5B1-C4000D6ED98F}.Release|Any CPU.ActiveCfg = Release|Any CPU
		{CA598B44-D1AC-454C-B5B1-C4000D6ED98F}.Release|Any CPU.Build.0 = Release|Any CPU
		{4F2649C2-0302-4FF1-BE0F-049286F02BEF}.Debug|Any CPU.ActiveCfg = Debug|Any CPU
		{4F2649C2-0302-4FF1-BE0F-049286F02BEF}.Debug|Any CPU.Build.0 = Debug|Any CPU
		{4F2649C2-0302-4FF1-BE0F-049286F02BEF}.Release|Any CPU.ActiveCfg = Release|Any CPU
		{4F2649C2-0302-4FF1-BE0F-049286F02BEF}.Release|Any CPU.Build.0 = Release|Any CPU
		{04068351-937D-4F87-825F-A94E774D5FF3}.Debug|Any CPU.ActiveCfg = Debug|Any CPU
		{04068351-937D-4F87-825F-A94E774D5FF3}.Debug|Any CPU.Build.0 = Debug|Any CPU
		{04068351-937D-4F87-825F-A94E774D5FF3}.Release|Any CPU.ActiveCfg = Release|Any CPU
		{04068351-937D-4F87-825F-A94E774D5FF3}.Release|Any CPU.Build.0 = Release|Any CPU
		{87D95A96-616D-4D3F-94D2-755D5261BCEC}.Debug|Any CPU.ActiveCfg = Debug|Any CPU
		{87D95A96-616D-4D3F-94D2-755D5261BCEC}.Debug|Any CPU.Build.0 = Debug|Any CPU
		{87D95A96-616D-4D3F-94D2-755D5261BCEC}.Release|Any CPU.ActiveCfg = Release|Any CPU
		{87D95A96-616D-4D3F-94D2-755D5261BCEC}.Release|Any CPU.Build.0 = Release|Any CPU
		{2A15B6AD-6CC4-495F-9975-9778A82789A5}.Debug|Any CPU.ActiveCfg = Debug|Any CPU
		{2A15B6AD-6CC4-495F-9975-9778A82789A5}.Debug|Any CPU.Build.0 = Debug|Any CPU
		{2A15B6AD-6CC4-495F-9975-9778A82789A5}.Release|Any CPU.ActiveCfg = Release|Any CPU
		{2A15B6AD-6CC4-495F-9975-9778A82789A5}.Release|Any CPU.Build.0 = Release|Any CPU
		{88D3EF45-EA56-43FA-AD2C-01CD79A8383D}.Debug|Any CPU.ActiveCfg = Debug|Any CPU
		{88D3EF45-EA56-43FA-AD2C-01CD79A8383D}.Debug|Any CPU.Build.0 = Debug|Any CPU
		{88D3EF45-EA56-43FA-AD2C-01CD79A8383D}.Release|Any CPU.ActiveCfg = Release|Any CPU
		{88D3EF45-EA56-43FA-AD2C-01CD79A8383D}.Release|Any CPU.Build.0 = Release|Any CPU
		{4E8B3EC4-A3A6-42D8-A721-160156D898AC}.Debug|Any CPU.ActiveCfg = Debug|Any CPU
		{4E8B3EC4-A3A6-42D8-A721-160156D898AC}.Debug|Any CPU.Build.0 = Debug|Any CPU
		{4E8B3EC4-A3A6-42D8-A721-160156D898AC}.Release|Any CPU.ActiveCfg = Release|Any CPU
		{4E8B3EC4-A3A6-42D8-A721-160156D898AC}.Release|Any CPU.Build.0 = Release|Any CPU
		{A09B0ACE-CA61-43A5-8861-334A4B29567A}.Debug|Any CPU.ActiveCfg = Debug|Any CPU
		{A09B0ACE-CA61-43A5-8861-334A4B29567A}.Debug|Any CPU.Build.0 = Debug|Any CPU
		{A09B0ACE-CA61-43A5-8861-334A4B29567A}.Release|Any CPU.ActiveCfg = Release|Any CPU
		{A09B0ACE-CA61-43A5-8861-334A4B29567A}.Release|Any CPU.Build.0 = Release|Any CPU
		{537E438A-B735-4E06-8642-3D43653022AA}.Debug|Any CPU.ActiveCfg = Debug|Any CPU
		{537E438A-B735-4E06-8642-3D43653022AA}.Debug|Any CPU.Build.0 = Debug|Any CPU
		{537E438A-B735-4E06-8642-3D43653022AA}.Release|Any CPU.ActiveCfg = Release|Any CPU
		{537E438A-B735-4E06-8642-3D43653022AA}.Release|Any CPU.Build.0 = Release|Any CPU
		{26064B6A-6428-4EEA-A763-4765D16F53A9}.Debug|Any CPU.ActiveCfg = Debug|Any CPU
		{26064B6A-6428-4EEA-A763-4765D16F53A9}.Debug|Any CPU.Build.0 = Debug|Any CPU
		{26064B6A-6428-4EEA-A763-4765D16F53A9}.Release|Any CPU.ActiveCfg = Release|Any CPU
		{26064B6A-6428-4EEA-A763-4765D16F53A9}.Release|Any CPU.Build.0 = Release|Any CPU
		{1D39FDBE-5B14-4847-AD17-A7D3CC8BABE3}.Debug|Any CPU.ActiveCfg = Debug|Any CPU
		{1D39FDBE-5B14-4847-AD17-A7D3CC8BABE3}.Debug|Any CPU.Build.0 = Debug|Any CPU
		{1D39FDBE-5B14-4847-AD17-A7D3CC8BABE3}.Release|Any CPU.ActiveCfg = Release|Any CPU
		{1D39FDBE-5B14-4847-AD17-A7D3CC8BABE3}.Release|Any CPU.Build.0 = Release|Any CPU
		{F2068D67-7979-4489-A065-3EAC06AACC87}.Debug|Any CPU.ActiveCfg = Debug|Any CPU
		{F2068D67-7979-4489-A065-3EAC06AACC87}.Debug|Any CPU.Build.0 = Debug|Any CPU
		{F2068D67-7979-4489-A065-3EAC06AACC87}.Release|Any CPU.ActiveCfg = Release|Any CPU
		{F2068D67-7979-4489-A065-3EAC06AACC87}.Release|Any CPU.Build.0 = Release|Any CPU
		{3C65E5B4-201F-421B-B6C0-B9C7786A37FB}.Debug|Any CPU.ActiveCfg = Debug|Any CPU
		{3C65E5B4-201F-421B-B6C0-B9C7786A37FB}.Debug|Any CPU.Build.0 = Debug|Any CPU
		{3C65E5B4-201F-421B-B6C0-B9C7786A37FB}.Release|Any CPU.ActiveCfg = Release|Any CPU
		{3C65E5B4-201F-421B-B6C0-B9C7786A37FB}.Release|Any CPU.Build.0 = Release|Any CPU
		{1D1AC7CF-CA29-4799-80DB-F1C712D0EE5E}.Debug|Any CPU.ActiveCfg = Debug|Any CPU
		{1D1AC7CF-CA29-4799-80DB-F1C712D0EE5E}.Debug|Any CPU.Build.0 = Debug|Any CPU
		{1D1AC7CF-CA29-4799-80DB-F1C712D0EE5E}.Release|Any CPU.ActiveCfg = Release|Any CPU
		{1D1AC7CF-CA29-4799-80DB-F1C712D0EE5E}.Release|Any CPU.Build.0 = Release|Any CPU
		{F1068767-089A-4838-AB81-4F37BAFCC9C4}.Debug|Any CPU.ActiveCfg = Debug|Any CPU
		{F1068767-089A-4838-AB81-4F37BAFCC9C4}.Debug|Any CPU.Build.0 = Debug|Any CPU
		{F1068767-089A-4838-AB81-4F37BAFCC9C4}.Release|Any CPU.ActiveCfg = Release|Any CPU
		{F1068767-089A-4838-AB81-4F37BAFCC9C4}.Release|Any CPU.Build.0 = Release|Any CPU
		{50285329-CE38-46E6-AD22-A5796D8AC954}.Debug|Any CPU.ActiveCfg = Debug|Any CPU
		{50285329-CE38-46E6-AD22-A5796D8AC954}.Debug|Any CPU.Build.0 = Debug|Any CPU
		{50285329-CE38-46E6-AD22-A5796D8AC954}.Release|Any CPU.ActiveCfg = Release|Any CPU
		{50285329-CE38-46E6-AD22-A5796D8AC954}.Release|Any CPU.Build.0 = Release|Any CPU
		{3A356AD5-FC88-49E0-8AEB-7805E903627E}.Debug|Any CPU.ActiveCfg = Debug|Any CPU
		{3A356AD5-FC88-49E0-8AEB-7805E903627E}.Debug|Any CPU.Build.0 = Debug|Any CPU
		{3A356AD5-FC88-49E0-8AEB-7805E903627E}.Release|Any CPU.ActiveCfg = Release|Any CPU
		{3A356AD5-FC88-49E0-8AEB-7805E903627E}.Release|Any CPU.Build.0 = Release|Any CPU
		{E4F92932-901B-462C-ACD0-C2CB64411FC2}.Debug|Any CPU.ActiveCfg = Debug|Any CPU
		{E4F92932-901B-462C-ACD0-C2CB64411FC2}.Debug|Any CPU.Build.0 = Debug|Any CPU
		{E4F92932-901B-462C-ACD0-C2CB64411FC2}.Release|Any CPU.ActiveCfg = Release|Any CPU
		{E4F92932-901B-462C-ACD0-C2CB64411FC2}.Release|Any CPU.Build.0 = Release|Any CPU
		{C35E9F04-444B-45AA-8BF1-786B9E3EFE96}.Debug|Any CPU.ActiveCfg = Debug|Any CPU
		{C35E9F04-444B-45AA-8BF1-786B9E3EFE96}.Debug|Any CPU.Build.0 = Debug|Any CPU
		{C35E9F04-444B-45AA-8BF1-786B9E3EFE96}.Release|Any CPU.ActiveCfg = Release|Any CPU
		{C35E9F04-444B-45AA-8BF1-786B9E3EFE96}.Release|Any CPU.Build.0 = Release|Any CPU
		{AE7A54FD-7B7A-44D0-84FA-4447B28232AC}.Debug|Any CPU.ActiveCfg = Debug|Any CPU
		{AE7A54FD-7B7A-44D0-84FA-4447B28232AC}.Debug|Any CPU.Build.0 = Debug|Any CPU
		{AE7A54FD-7B7A-44D0-84FA-4447B28232AC}.Release|Any CPU.ActiveCfg = Release|Any CPU
		{AE7A54FD-7B7A-44D0-84FA-4447B28232AC}.Release|Any CPU.Build.0 = Release|Any CPU
		{4E0361F3-CE14-42C5-9E30-96167BE4468D}.Debug|Any CPU.ActiveCfg = Debug|Any CPU
		{4E0361F3-CE14-42C5-9E30-96167BE4468D}.Debug|Any CPU.Build.0 = Debug|Any CPU
		{4E0361F3-CE14-42C5-9E30-96167BE4468D}.Release|Any CPU.ActiveCfg = Release|Any CPU
		{4E0361F3-CE14-42C5-9E30-96167BE4468D}.Release|Any CPU.Build.0 = Release|Any CPU
		{96F4D447-15AE-4E1F-9BA5-DF611250CB3E}.Debug|Any CPU.ActiveCfg = Debug|Any CPU
		{96F4D447-15AE-4E1F-9BA5-DF611250CB3E}.Debug|Any CPU.Build.0 = Debug|Any CPU
		{96F4D447-15AE-4E1F-9BA5-DF611250CB3E}.Release|Any CPU.ActiveCfg = Release|Any CPU
		{96F4D447-15AE-4E1F-9BA5-DF611250CB3E}.Release|Any CPU.Build.0 = Release|Any CPU
		{A69FFE4A-F6CC-468E-9063-4F53AFCF9389}.Debug|Any CPU.ActiveCfg = Debug|Any CPU
		{A69FFE4A-F6CC-468E-9063-4F53AFCF9389}.Debug|Any CPU.Build.0 = Debug|Any CPU
		{A69FFE4A-F6CC-468E-9063-4F53AFCF9389}.Release|Any CPU.ActiveCfg = Release|Any CPU
		{A69FFE4A-F6CC-468E-9063-4F53AFCF9389}.Release|Any CPU.Build.0 = Release|Any CPU
		{6D6F4070-9404-438E-A9A4-D86AE3872DA9}.Debug|Any CPU.ActiveCfg = Debug|Any CPU
		{6D6F4070-9404-438E-A9A4-D86AE3872DA9}.Debug|Any CPU.Build.0 = Debug|Any CPU
		{6D6F4070-9404-438E-A9A4-D86AE3872DA9}.Release|Any CPU.ActiveCfg = Release|Any CPU
		{6D6F4070-9404-438E-A9A4-D86AE3872DA9}.Release|Any CPU.Build.0 = Release|Any CPU
		{6055B244-6176-4924-9789-926AFC5815F9}.Debug|Any CPU.ActiveCfg = Debug|Any CPU
		{6055B244-6176-4924-9789-926AFC5815F9}.Debug|Any CPU.Build.0 = Debug|Any CPU
		{6055B244-6176-4924-9789-926AFC5815F9}.Release|Any CPU.ActiveCfg = Release|Any CPU
		{6055B244-6176-4924-9789-926AFC5815F9}.Release|Any CPU.Build.0 = Release|Any CPU
		{F5E612B6-9902-4967-9C33-9CB2B9391A64}.Debug|Any CPU.ActiveCfg = Debug|Any CPU
		{F5E612B6-9902-4967-9C33-9CB2B9391A64}.Debug|Any CPU.Build.0 = Debug|Any CPU
		{F5E612B6-9902-4967-9C33-9CB2B9391A64}.Release|Any CPU.ActiveCfg = Release|Any CPU
		{F5E612B6-9902-4967-9C33-9CB2B9391A64}.Release|Any CPU.Build.0 = Release|Any CPU
		{D9BDF7C2-0871-44A5-B6DA-6596B4C4BE3F}.Debug|Any CPU.ActiveCfg = Debug|Any CPU
		{D9BDF7C2-0871-44A5-B6DA-6596B4C4BE3F}.Debug|Any CPU.Build.0 = Debug|Any CPU
		{D9BDF7C2-0871-44A5-B6DA-6596B4C4BE3F}.Release|Any CPU.ActiveCfg = Release|Any CPU
		{D9BDF7C2-0871-44A5-B6DA-6596B4C4BE3F}.Release|Any CPU.Build.0 = Release|Any CPU
		{A762C1F5-7A9D-41C3-BEF2-4C180C710D58}.Debug|Any CPU.ActiveCfg = Debug|Any CPU
		{A762C1F5-7A9D-41C3-BEF2-4C180C710D58}.Debug|Any CPU.Build.0 = Debug|Any CPU
		{A762C1F5-7A9D-41C3-BEF2-4C180C710D58}.Release|Any CPU.ActiveCfg = Release|Any CPU
		{A762C1F5-7A9D-41C3-BEF2-4C180C710D58}.Release|Any CPU.Build.0 = Release|Any CPU
		{0FFC79D4-C237-43F4-AA60-B56A2E561F1B}.Debug|Any CPU.ActiveCfg = Debug|Any CPU
		{0FFC79D4-C237-43F4-AA60-B56A2E561F1B}.Debug|Any CPU.Build.0 = Debug|Any CPU
		{0FFC79D4-C237-43F4-AA60-B56A2E561F1B}.Release|Any CPU.ActiveCfg = Release|Any CPU
		{0FFC79D4-C237-43F4-AA60-B56A2E561F1B}.Release|Any CPU.Build.0 = Release|Any CPU
		{86F61B4A-94A7-46FA-BABC-A8C6D0619355}.Debug|Any CPU.ActiveCfg = Debug|Any CPU
		{86F61B4A-94A7-46FA-BABC-A8C6D0619355}.Debug|Any CPU.Build.0 = Debug|Any CPU
		{86F61B4A-94A7-46FA-BABC-A8C6D0619355}.Release|Any CPU.ActiveCfg = Release|Any CPU
		{86F61B4A-94A7-46FA-BABC-A8C6D0619355}.Release|Any CPU.Build.0 = Release|Any CPU
		{6EAA6056-587B-4E94-8B3D-432315D8955F}.Debug|Any CPU.ActiveCfg = Debug|Any CPU
		{6EAA6056-587B-4E94-8B3D-432315D8955F}.Debug|Any CPU.Build.0 = Debug|Any CPU
		{6EAA6056-587B-4E94-8B3D-432315D8955F}.Release|Any CPU.ActiveCfg = Release|Any CPU
		{6EAA6056-587B-4E94-8B3D-432315D8955F}.Release|Any CPU.Build.0 = Release|Any CPU
		{7D492D69-C2A1-4572-9B90-1B2958618ABD}.Debug|Any CPU.ActiveCfg = Debug|Any CPU
		{7D492D69-C2A1-4572-9B90-1B2958618ABD}.Debug|Any CPU.Build.0 = Debug|Any CPU
		{7D492D69-C2A1-4572-9B90-1B2958618ABD}.Release|Any CPU.ActiveCfg = Release|Any CPU
		{7D492D69-C2A1-4572-9B90-1B2958618ABD}.Release|Any CPU.Build.0 = Release|Any CPU
		{8CA2228D-ACFA-47DC-9D4B-8F57ABF4C481}.Debug|Any CPU.ActiveCfg = Debug|Any CPU
		{8CA2228D-ACFA-47DC-9D4B-8F57ABF4C481}.Debug|Any CPU.Build.0 = Debug|Any CPU
		{8CA2228D-ACFA-47DC-9D4B-8F57ABF4C481}.Release|Any CPU.ActiveCfg = Release|Any CPU
		{8CA2228D-ACFA-47DC-9D4B-8F57ABF4C481}.Release|Any CPU.Build.0 = Release|Any CPU
		{E8E74F85-7F1B-4CB0-8F07-362526369F21}.Debug|Any CPU.ActiveCfg = Debug|Any CPU
		{E8E74F85-7F1B-4CB0-8F07-362526369F21}.Debug|Any CPU.Build.0 = Debug|Any CPU
		{E8E74F85-7F1B-4CB0-8F07-362526369F21}.Release|Any CPU.ActiveCfg = Release|Any CPU
		{E8E74F85-7F1B-4CB0-8F07-362526369F21}.Release|Any CPU.Build.0 = Release|Any CPU
		{8D821518-9E13-4C10-9891-62280B644F77}.Debug|Any CPU.ActiveCfg = Debug|Any CPU
		{8D821518-9E13-4C10-9891-62280B644F77}.Debug|Any CPU.Build.0 = Debug|Any CPU
		{8D821518-9E13-4C10-9891-62280B644F77}.Release|Any CPU.ActiveCfg = Release|Any CPU
		{8D821518-9E13-4C10-9891-62280B644F77}.Release|Any CPU.Build.0 = Release|Any CPU
		{B8A54065-A9FA-430B-BEBE-28BA9FD6C3F5}.Debug|Any CPU.ActiveCfg = Debug|Any CPU
		{B8A54065-A9FA-430B-BEBE-28BA9FD6C3F5}.Debug|Any CPU.Build.0 = Debug|Any CPU
		{B8A54065-A9FA-430B-BEBE-28BA9FD6C3F5}.Release|Any CPU.ActiveCfg = Release|Any CPU
		{B8A54065-A9FA-430B-BEBE-28BA9FD6C3F5}.Release|Any CPU.Build.0 = Release|Any CPU
		{CC33C5EC-5CD7-45D8-BE69-364B59DF6D63}.Debug|Any CPU.ActiveCfg = Debug|Any CPU
		{CC33C5EC-5CD7-45D8-BE69-364B59DF6D63}.Debug|Any CPU.Build.0 = Debug|Any CPU
		{CC33C5EC-5CD7-45D8-BE69-364B59DF6D63}.Release|Any CPU.ActiveCfg = Release|Any CPU
		{CC33C5EC-5CD7-45D8-BE69-364B59DF6D63}.Release|Any CPU.Build.0 = Release|Any CPU
		{DA098B56-EF4E-4F98-8336-7A48BB74A903}.Debug|Any CPU.ActiveCfg = Debug|Any CPU
		{DA098B56-EF4E-4F98-8336-7A48BB74A903}.Debug|Any CPU.Build.0 = Debug|Any CPU
		{DA098B56-EF4E-4F98-8336-7A48BB74A903}.Release|Any CPU.ActiveCfg = Release|Any CPU
		{DA098B56-EF4E-4F98-8336-7A48BB74A903}.Release|Any CPU.Build.0 = Release|Any CPU
		{4E646F89-63D4-4DDC-86C2-FA79C8E3487E}.Debug|Any CPU.ActiveCfg = Debug|Any CPU
		{4E646F89-63D4-4DDC-86C2-FA79C8E3487E}.Debug|Any CPU.Build.0 = Debug|Any CPU
		{4E646F89-63D4-4DDC-86C2-FA79C8E3487E}.Release|Any CPU.ActiveCfg = Release|Any CPU
		{4E646F89-63D4-4DDC-86C2-FA79C8E3487E}.Release|Any CPU.Build.0 = Release|Any CPU
		{A92AF9D1-6AC2-4A4C-9C0F-74A715980062}.Debug|Any CPU.ActiveCfg = Debug|Any CPU
		{A92AF9D1-6AC2-4A4C-9C0F-74A715980062}.Debug|Any CPU.Build.0 = Debug|Any CPU
		{A92AF9D1-6AC2-4A4C-9C0F-74A715980062}.Release|Any CPU.ActiveCfg = Release|Any CPU
		{A92AF9D1-6AC2-4A4C-9C0F-74A715980062}.Release|Any CPU.Build.0 = Release|Any CPU
		{EFDB7BB9-FF2C-4038-8AFC-CDE6EAC77875}.Debug|Any CPU.ActiveCfg = Debug|Any CPU
		{EFDB7BB9-FF2C-4038-8AFC-CDE6EAC77875}.Debug|Any CPU.Build.0 = Debug|Any CPU
		{EFDB7BB9-FF2C-4038-8AFC-CDE6EAC77875}.Release|Any CPU.ActiveCfg = Release|Any CPU
		{EFDB7BB9-FF2C-4038-8AFC-CDE6EAC77875}.Release|Any CPU.Build.0 = Release|Any CPU
		{3700A51C-AAAA-4DBA-A106-6E4AEAA69A79}.Debug|Any CPU.ActiveCfg = Debug|Any CPU
		{3700A51C-AAAA-4DBA-A106-6E4AEAA69A79}.Debug|Any CPU.Build.0 = Debug|Any CPU
		{3700A51C-AAAA-4DBA-A106-6E4AEAA69A79}.Release|Any CPU.ActiveCfg = Release|Any CPU
		{3700A51C-AAAA-4DBA-A106-6E4AEAA69A79}.Release|Any CPU.Build.0 = Release|Any CPU
		{47324165-E5B3-4167-A657-4A42D4A592C7}.Debug|Any CPU.ActiveCfg = Debug|Any CPU
		{47324165-E5B3-4167-A657-4A42D4A592C7}.Debug|Any CPU.Build.0 = Debug|Any CPU
		{47324165-E5B3-4167-A657-4A42D4A592C7}.Release|Any CPU.ActiveCfg = Release|Any CPU
		{47324165-E5B3-4167-A657-4A42D4A592C7}.Release|Any CPU.Build.0 = Release|Any CPU
	EndGlobalSection
	GlobalSection(SolutionProperties) = preSolution
		HideSolutionNode = FALSE
	EndGlobalSection
	GlobalSection(NestedProjects) = preSolution
		{1307B4CE-04FF-4315-BC01-0371760D5C26} = {2DC678B2-4968-45FA-864C-1B0B5412A044}
		{7942CE31-3804-446A-845B-0451884BB6B7} = {EEA9BD6B-DDFF-4580-99D3-0FBBC644FC4D}
		{2DC678B2-4968-45FA-864C-1B0B5412A044} = {EEA9BD6B-DDFF-4580-99D3-0FBBC644FC4D}
		{6A898FA3-25B8-4279-81E2-BDAEB04ECECE} = {41C25D4F-945B-4C32-99B7-E8F8F92CF28F}
		{F7DE7ED3-CD36-4F3C-889F-8AB2E1ED4EA2} = {6A898FA3-25B8-4279-81E2-BDAEB04ECECE}
		{3CA87398-12EE-47C8-B7E3-9D26EA6C5864} = {41C25D4F-945B-4C32-99B7-E8F8F92CF28F}
		{3799662A-7D24-4FE0-B23F-38281CA1D84E} = {7942CE31-3804-446A-845B-0451884BB6B7}
		{F0B3E0DC-F868-4608-A18C-E32A8F82A1DF} = {1307B4CE-04FF-4315-BC01-0371760D5C26}
		{D5C474AE-A8B1-414E-A166-F685E021C80E} = {1307B4CE-04FF-4315-BC01-0371760D5C26}
		{2E0C1FE0-439B-40FA-922D-554F8C97F929} = {1307B4CE-04FF-4315-BC01-0371760D5C26}
		{B85760FE-16FD-4A3E-BCA4-89A462A79839} = {3799662A-7D24-4FE0-B23F-38281CA1D84E}
		{FE8ED9DF-EAC7-4E33-9D9F-214CAB809759} = {3799662A-7D24-4FE0-B23F-38281CA1D84E}
		{7378CCA3-77A9-493F-8235-3FA775D77F38} = {3CA87398-12EE-47C8-B7E3-9D26EA6C5864}
		{8FDB1515-4E56-4E88-8314-EFB99ABCC70F} = {F7DE7ED3-CD36-4F3C-889F-8AB2E1ED4EA2}
		{2017A8AC-DD72-44B6-BBD0-D7D7323F4B28} = {F7DE7ED3-CD36-4F3C-889F-8AB2E1ED4EA2}
		{746B1848-9C98-4C56-874B-957F5C7EBC95} = {F7DE7ED3-CD36-4F3C-889F-8AB2E1ED4EA2}
		{7464E7E8-D4EB-4A07-90CA-737090167E7F} = {7378CCA3-77A9-493F-8235-3FA775D77F38}
		{ED1BED9D-74D7-4CE2-8928-D4F47A72B0EE} = {7378CCA3-77A9-493F-8235-3FA775D77F38}
		{DAAEE880-44C4-40FC-838E-2F351A0C70FB} = {7378CCA3-77A9-493F-8235-3FA775D77F38}
		{9F1CD6C1-8419-4262-B7AE-F66C530B9EC7} = {7942CE31-3804-446A-845B-0451884BB6B7}
		{F98C4934-B320-4E58-8A09-95800C247D3E} = {3CA87398-12EE-47C8-B7E3-9D26EA6C5864}
		{E8C72A66-8993-427D-A2BA-73B170309B32} = {EEA9BD6B-DDFF-4580-99D3-0FBBC644FC4D}
		{0E033FC0-BA2C-483B-A0A2-5A1179E417E5} = {2DC678B2-4968-45FA-864C-1B0B5412A044}
		{A9B47528-7CFE-4614-AB77-1DA20808FE4B} = {9F1CD6C1-8419-4262-B7AE-F66C530B9EC7}
		{A83F8028-ECBA-4DBF-B061-70FA5B20100E} = {9F1CD6C1-8419-4262-B7AE-F66C530B9EC7}
		{5971159D-5B73-4C21-AD50-671B8EAEE388} = {9F1CD6C1-8419-4262-B7AE-F66C530B9EC7}
		{155A2C56-0F06-4156-B626-1C8A714B59FD} = {F98C4934-B320-4E58-8A09-95800C247D3E}
		{F5C290EC-F40E-430F-828B-5E8885D9C27D} = {F98C4934-B320-4E58-8A09-95800C247D3E}
		{856BD28B-95F4-4E3A-9F14-BCB9EFB0F075} = {F98C4934-B320-4E58-8A09-95800C247D3E}
		{CA598B44-D1AC-454C-B5B1-C4000D6ED98F} = {2DC678B2-4968-45FA-864C-1B0B5412A044}
		{4F2649C2-0302-4FF1-BE0F-049286F02BEF} = {2DC678B2-4968-45FA-864C-1B0B5412A044}
		{04068351-937D-4F87-825F-A94E774D5FF3} = {41C25D4F-945B-4C32-99B7-E8F8F92CF28F}
		{87D95A96-616D-4D3F-94D2-755D5261BCEC} = {2DC678B2-4968-45FA-864C-1B0B5412A044}
		{2A15B6AD-6CC4-495F-9975-9778A82789A5} = {6A898FA3-25B8-4279-81E2-BDAEB04ECECE}
		{88D3EF45-EA56-43FA-AD2C-01CD79A8383D} = {2DC678B2-4968-45FA-864C-1B0B5412A044}
		{4E8B3EC4-A3A6-42D8-A721-160156D898AC} = {2DC678B2-4968-45FA-864C-1B0B5412A044}
		{A09B0ACE-CA61-43A5-8861-334A4B29567A} = {E8C72A66-8993-427D-A2BA-73B170309B32}
		{4A56FF53-2BBF-4B13-8C17-F2BF14273A0C} = {3CA87398-12EE-47C8-B7E3-9D26EA6C5864}
		{7C414564-DB04-47D4-88B1-7C7B24C7904F} = {7942CE31-3804-446A-845B-0451884BB6B7}
		{537E438A-B735-4E06-8642-3D43653022AA} = {7C414564-DB04-47D4-88B1-7C7B24C7904F}
		{26064B6A-6428-4EEA-A763-4765D16F53A9} = {7C414564-DB04-47D4-88B1-7C7B24C7904F}
		{1D39FDBE-5B14-4847-AD17-A7D3CC8BABE3} = {7C414564-DB04-47D4-88B1-7C7B24C7904F}
		{F2068D67-7979-4489-A065-3EAC06AACC87} = {7C414564-DB04-47D4-88B1-7C7B24C7904F}
		{3C65E5B4-201F-421B-B6C0-B9C7786A37FB} = {7C414564-DB04-47D4-88B1-7C7B24C7904F}
		{1D1AC7CF-CA29-4799-80DB-F1C712D0EE5E} = {7C414564-DB04-47D4-88B1-7C7B24C7904F}
		{F1068767-089A-4838-AB81-4F37BAFCC9C4} = {7C414564-DB04-47D4-88B1-7C7B24C7904F}
		{50285329-CE38-46E6-AD22-A5796D8AC954} = {7C414564-DB04-47D4-88B1-7C7B24C7904F}
		{3A356AD5-FC88-49E0-8AEB-7805E903627E} = {4A56FF53-2BBF-4B13-8C17-F2BF14273A0C}
		{E4F92932-901B-462C-ACD0-C2CB64411FC2} = {4A56FF53-2BBF-4B13-8C17-F2BF14273A0C}
		{C35E9F04-444B-45AA-8BF1-786B9E3EFE96} = {4A56FF53-2BBF-4B13-8C17-F2BF14273A0C}
		{AE7A54FD-7B7A-44D0-84FA-4447B28232AC} = {4A56FF53-2BBF-4B13-8C17-F2BF14273A0C}
		{4E0361F3-CE14-42C5-9E30-96167BE4468D} = {4A56FF53-2BBF-4B13-8C17-F2BF14273A0C}
		{96F4D447-15AE-4E1F-9BA5-DF611250CB3E} = {4A56FF53-2BBF-4B13-8C17-F2BF14273A0C}
		{A69FFE4A-F6CC-468E-9063-4F53AFCF9389} = {4A56FF53-2BBF-4B13-8C17-F2BF14273A0C}
		{6D6F4070-9404-438E-A9A4-D86AE3872DA9} = {3799662A-7D24-4FE0-B23F-38281CA1D84E}
		{6055B244-6176-4924-9789-926AFC5815F9} = {9F1CD6C1-8419-4262-B7AE-F66C530B9EC7}
		{F5E612B6-9902-4967-9C33-9CB2B9391A64} = {3799662A-7D24-4FE0-B23F-38281CA1D84E}
		{D9BDF7C2-0871-44A5-B6DA-6596B4C4BE3F} = {3799662A-7D24-4FE0-B23F-38281CA1D84E}
		{A762C1F5-7A9D-41C3-BEF2-4C180C710D58} = {7378CCA3-77A9-493F-8235-3FA775D77F38}
		{0FFC79D4-C237-43F4-AA60-B56A2E561F1B} = {7C414564-DB04-47D4-88B1-7C7B24C7904F}
		{86F61B4A-94A7-46FA-BABC-A8C6D0619355} = {4A56FF53-2BBF-4B13-8C17-F2BF14273A0C}
		{6EAA6056-587B-4E94-8B3D-432315D8955F} = {9F1CD6C1-8419-4262-B7AE-F66C530B9EC7}
		{7D492D69-C2A1-4572-9B90-1B2958618ABD} = {F98C4934-B320-4E58-8A09-95800C247D3E}
		{8CA2228D-ACFA-47DC-9D4B-8F57ABF4C481} = {2DC678B2-4968-45FA-864C-1B0B5412A044}
		{E8E74F85-7F1B-4CB0-8F07-362526369F21} = {6A898FA3-25B8-4279-81E2-BDAEB04ECECE}
		{8D821518-9E13-4C10-9891-62280B644F77} = {6A898FA3-25B8-4279-81E2-BDAEB04ECECE}
		{B8A54065-A9FA-430B-BEBE-28BA9FD6C3F5} = {E8C72A66-8993-427D-A2BA-73B170309B32}
		{CC33C5EC-5CD7-45D8-BE69-364B59DF6D63} = {2DC678B2-4968-45FA-864C-1B0B5412A044}
		{DA098B56-EF4E-4F98-8336-7A48BB74A903} = {9F1CD6C1-8419-4262-B7AE-F66C530B9EC7}
		{4E646F89-63D4-4DDC-86C2-FA79C8E3487E} = {2DC678B2-4968-45FA-864C-1B0B5412A044}
		{A92AF9D1-6AC2-4A4C-9C0F-74A715980062} = {2DC678B2-4968-45FA-864C-1B0B5412A044}
		{EFDB7BB9-FF2C-4038-8AFC-CDE6EAC77875} = {6A898FA3-25B8-4279-81E2-BDAEB04ECECE}
		{3700A51C-AAAA-4DBA-A106-6E4AEAA69A79} = {2DC678B2-4968-45FA-864C-1B0B5412A044}
		{47324165-E5B3-4167-A657-4A42D4A592C7} = {2DC678B2-4968-45FA-864C-1B0B5412A044}
	EndGlobalSection
	GlobalSection(ExtensibilityGlobals) = postSolution
		SolutionGuid = {8BB3B9BB-6C76-478F-982F-E2E084DBDFAC}
	EndGlobalSection
EndGlobal
