
Microsoft Visual Studio Solution File, Format Version 12.00
# Visual Studio Version 16
VisualStudioVersion = 16.0.28803.156
MinimumVisualStudioVersion = 10.0.40219.1
Project("{2150E333-8FDC-42A3-9474-1A3956D46DE8}") = "src", "src", "{EEA9BD6B-DDFF-4580-99D3-0FBBC644FC4D}"
EndProject
Project("{2150E333-8FDC-42A3-9474-1A3956D46DE8}") = "test", "test", "{41C25D4F-945B-4C32-99B7-E8F8F92CF28F}"
EndProject
Project("{2150E333-8FDC-42A3-9474-1A3956D46DE8}") = "Seedworks", "Seedworks", "{1307B4CE-04FF-4315-BC01-0371760D5C26}"
EndProject
Project("{2150E333-8FDC-42A3-9474-1A3956D46DE8}") = "Services", "Services", "{7942CE31-3804-446A-845B-0451884BB6B7}"
EndProject
Project("{2150E333-8FDC-42A3-9474-1A3956D46DE8}") = "Identity", "Identity", "{3799662A-7D24-4FE0-B23F-38281CA1D84E}"
EndProject
Project("{E53339B2-1760-4266-BCC7-CA923CBCF16C}") = "docker-compose", "docker-compose.dcproj", "{702D7D71-3CD1-436F-BD4E-6A488BB3CFC9}"
EndProject
Project("{2150E333-8FDC-42A3-9474-1A3956D46DE8}") = "Solution Items", "Solution Items", "{6320F9AE-AC74-456A-869F-5A570C3467AB}"
	ProjectSection(SolutionItems) = preProject
		.env = .env
		cli\docker-compose-functional-tests.ps1 = cli\docker-compose-functional-tests.ps1
		cli\docker-compose-integration-tests.ps1 = cli\docker-compose-integration-tests.ps1
		cli\docker-compose-testing.ps1 = cli\docker-compose-testing.ps1
		cli\docker-compose-unit-tests.ps1 = cli\docker-compose-unit-tests.ps1
		cli\docker-remove-containers.ps1 = cli\docker-remove-containers.ps1
		global.json = global.json
	EndProjectSection
EndProject
Project("{2150E333-8FDC-42A3-9474-1A3956D46DE8}") = "Cashier", "Cashier", "{9F1CD6C1-8419-4262-B7AE-F66C530B9EC7}"
EndProject
Project("{2150E333-8FDC-42A3-9474-1A3956D46DE8}") = "Web Apps", "Web Apps", "{E8C72A66-8993-427D-A2BA-73B170309B32}"
EndProject
Project("{9A19103F-16F7-4668-BE54-9A1E7A4F7556}") = "eDoxa.Cashier.Domain", "src\eDoxa.Cashier.Domain\eDoxa.Cashier.Domain.csproj", "{A9B47528-7CFE-4614-AB77-1DA20808FE4B}"
EndProject
Project("{9A19103F-16F7-4668-BE54-9A1E7A4F7556}") = "eDoxa.Cashier.Infrastructure", "src\eDoxa.Cashier.Infrastructure\eDoxa.Cashier.Infrastructure.csproj", "{A83F8028-ECBA-4DBF-B061-70FA5B20100E}"
EndProject
Project("{9A19103F-16F7-4668-BE54-9A1E7A4F7556}") = "eDoxa.Cashier.Api", "src\eDoxa.Cashier.API\eDoxa.Cashier.Api.csproj", "{5971159D-5B73-4C21-AD50-671B8EAEE388}"
EndProject
Project("{9A19103F-16F7-4668-BE54-9A1E7A4F7556}") = "eDoxa.Web.Spa", "src\eDoxa.Web.Spa\eDoxa.Web.Spa.csproj", "{A09B0ACE-CA61-43A5-8861-334A4B29567A}"
EndProject
Project("{2150E333-8FDC-42A3-9474-1A3956D46DE8}") = "Challenges", "Challenges", "{7C414564-DB04-47D4-88B1-7C7B24C7904F}"
EndProject
Project("{9A19103F-16F7-4668-BE54-9A1E7A4F7556}") = "eDoxa.Web.Status", "src\eDoxa.Web.Status\eDoxa.Web.Status.csproj", "{B8A54065-A9FA-430B-BEBE-28BA9FD6C3F5}"
EndProject
Project("{2150E333-8FDC-42A3-9474-1A3956D46DE8}") = "Arena", "Arena", "{83377ABA-BB9E-4738-82DF-9A8D1DCE75F0}"
EndProject
Project("{9A19103F-16F7-4668-BE54-9A1E7A4F7556}") = "eDoxa.Arena.Challenges.Api", "src\eDoxa.Arena.Challenges.Api\eDoxa.Arena.Challenges.Api.csproj", "{7AFADCEF-E449-4FB3-9332-013D25D57D98}"
EndProject
Project("{9A19103F-16F7-4668-BE54-9A1E7A4F7556}") = "eDoxa.Arena.Challenges.Domain", "src\eDoxa.Arena.Challenges.Domain\eDoxa.Arena.Challenges.Domain.csproj", "{F483D80F-B2DB-4F07-A3FC-720F0E2743FB}"
EndProject
Project("{9A19103F-16F7-4668-BE54-9A1E7A4F7556}") = "eDoxa.Arena.Challenges.Infrastructure", "src\eDoxa.Arena.Challenges.Infrastructure\eDoxa.Arena.Challenges.Infrastructure.csproj", "{8E10F0B5-A519-47C8-88F0-39CFBBA8AF49}"
EndProject
Project("{9A19103F-16F7-4668-BE54-9A1E7A4F7556}") = "eDoxa.Arena.Challenges.IntegrationTests", "test\eDoxa.Arena.Challenges.IntegrationTests\eDoxa.Arena.Challenges.IntegrationTests.csproj", "{3ED2C4C2-1353-47B3-9B1F-93F3B094340D}"
EndProject
Project("{9A19103F-16F7-4668-BE54-9A1E7A4F7556}") = "eDoxa.Cashier.IntegrationTests", "test\eDoxa.Cashier.IntegrationTests\eDoxa.Cashier.IntegrationTests.csproj", "{307B418B-657C-4713-A160-A0B70249D6A1}"
EndProject
Project("{9A19103F-16F7-4668-BE54-9A1E7A4F7556}") = "eDoxa.Identity.IntegrationTests", "test\eDoxa.Identity.IntegrationTests\eDoxa.Identity.IntegrationTests.csproj", "{E06EC71F-1612-48E6-8A6C-71DACCF127F1}"
EndProject
Project("{9A19103F-16F7-4668-BE54-9A1E7A4F7556}") = "eDoxa.Arena.Challenges.UnitTests", "test\eDoxa.Arena.Challenges.UnitTests\eDoxa.Arena.Challenges.UnitTests.csproj", "{5BAE6563-88D3-406D-9E9C-6CC3AC1BD09B}"
EndProject
Project("{9A19103F-16F7-4668-BE54-9A1E7A4F7556}") = "eDoxa.Cashier.UnitTests", "test\eDoxa.Cashier.UnitTests\eDoxa.Cashier.UnitTests.csproj", "{0E216693-1B71-4DD1-B909-5FF400D4BAA0}"
EndProject
Project("{9A19103F-16F7-4668-BE54-9A1E7A4F7556}") = "eDoxa.Identity.UnitTests", "test\eDoxa.Identity.UnitTests\eDoxa.Identity.UnitTests.csproj", "{B16BC4C7-465C-4BCF-842A-6D1062730BD8}"
EndProject
Project("{9A19103F-16F7-4668-BE54-9A1E7A4F7556}") = "eDoxa.Seedwork.UnitTests", "test\eDoxa.Seedwork.UnitTests\eDoxa.Seedwork.UnitTests.csproj", "{8E3D90B4-DF0D-473B-BCEF-1BAA57DAE131}"
EndProject
Project("{9A19103F-16F7-4668-BE54-9A1E7A4F7556}") = "eDoxa.Seedwork.Domain", "src\eDoxa.Seedwork.Domain\eDoxa.Seedwork.Domain.csproj", "{DC5E1581-D1BC-4CAD-99B0-31DB3BB6F427}"
EndProject
Project("{9A19103F-16F7-4668-BE54-9A1E7A4F7556}") = "eDoxa.Seedwork.Infrastructure", "src\eDoxa.Seedwork.Infrastructure\eDoxa.Seedwork.Infrastructure.csproj", "{00AFB87B-B2E8-4A9A-93A7-1010975B3544}"
EndProject
Project("{9A19103F-16F7-4668-BE54-9A1E7A4F7556}") = "eDoxa.Seedwork.Application", "src\eDoxa.Seedwork.Application\eDoxa.Seedwork.Application.csproj", "{DB82E7CF-0C28-40B9-B4D1-134313D65685}"
EndProject
Project("{9A19103F-16F7-4668-BE54-9A1E7A4F7556}") = "eDoxa.Seedwork.Security", "src\eDoxa.Seedwork.Security\eDoxa.Seedwork.Security.csproj", "{9EAAF936-BC96-437B-8F03-672EA5A8B5D5}"
EndProject
Project("{9A19103F-16F7-4668-BE54-9A1E7A4F7556}") = "eDoxa.Seedwork.Testing", "src\eDoxa.Seedwork.Testing\eDoxa.Seedwork.Testing.csproj", "{78A91A1F-50FB-44A2-BC7D-0D06FD418D96}"
EndProject
Project("{9A19103F-16F7-4668-BE54-9A1E7A4F7556}") = "eDoxa.Identity.Api", "src\eDoxa.Identity.Api\eDoxa.Identity.Api.csproj", "{C086BE95-0D95-4DA4-A93F-88F085508D3B}"
EndProject
Project("{9A19103F-16F7-4668-BE54-9A1E7A4F7556}") = "eDoxa.Seedwork.Monitoring", "src\eDoxa.Seedwork.Monitoring\eDoxa.Seedwork.Monitoring.csproj", "{3AB9C9A8-2B81-4F4D-85F5-FCE0FAFADF4A}"
EndProject
Project("{2150E333-8FDC-42A3-9474-1A3956D46DE8}") = "Payment", "Payment", "{9050415E-2E9D-4737-8D81-A938CD4D1D80}"
EndProject
Project("{9A19103F-16F7-4668-BE54-9A1E7A4F7556}") = "eDoxa.Payment.Api", "src\eDoxa.Payment.Api\eDoxa.Payment.Api.csproj", "{30352CEE-05ED-47C3-B832-B45E600E9718}"
EndProject
Project("{9A19103F-16F7-4668-BE54-9A1E7A4F7556}") = "eDoxa.Payment.UnitTests", "test\eDoxa.Payment.UnitTests\eDoxa.Payment.UnitTests.csproj", "{6DA0CBD7-AF86-4939-B71B-EC1B16D72237}"
EndProject
Project("{9A19103F-16F7-4668-BE54-9A1E7A4F7556}") = "eDoxa.FunctionalTests", "test\eDoxa.FunctionalTests\eDoxa.FunctionalTests.csproj", "{6E693495-8076-4FD8-9330-FE580EFED715}"
EndProject
Project("{9A19103F-16F7-4668-BE54-9A1E7A4F7556}") = "eDoxa.Web.Gateway", "src\eDoxa.Web.Gateway\eDoxa.Web.Gateway.csproj", "{2F375AD1-6AF2-4A95-91A8-E8494BC5325A}"
EndProject
Project("{9A19103F-16F7-4668-BE54-9A1E7A4F7556}") = "eDoxa.Arena.Challenges.Api.Games", "src\eDoxa.Arena.Challenges.Api.Games\eDoxa.Arena.Challenges.Api.Games.csproj", "{29C291DA-B634-46EA-A676-84C6DB0BE26A}"
EndProject
Project("{FAE04EC0-301F-11D3-BF4B-00C04F79EFBC}") = "eDoxa.Seedwork.IntegrationEvents", "src\eDoxa.Seedwork.IntegrationEvents\eDoxa.Seedwork.IntegrationEvents.csproj", "{20BAEB10-5A07-48FF-B7D6-9455FBCAC593}"
EndProject
Global
	GlobalSection(SolutionConfigurationPlatforms) = preSolution
		Debug|Any CPU = Debug|Any CPU
		Release|Any CPU = Release|Any CPU
	EndGlobalSection
	GlobalSection(ProjectConfigurationPlatforms) = postSolution
		{702D7D71-3CD1-436F-BD4E-6A488BB3CFC9}.Debug|Any CPU.ActiveCfg = Debug|Any CPU
		{702D7D71-3CD1-436F-BD4E-6A488BB3CFC9}.Debug|Any CPU.Build.0 = Debug|Any CPU
		{702D7D71-3CD1-436F-BD4E-6A488BB3CFC9}.Release|Any CPU.ActiveCfg = Release|Any CPU
		{702D7D71-3CD1-436F-BD4E-6A488BB3CFC9}.Release|Any CPU.Build.0 = Release|Any CPU
		{A9B47528-7CFE-4614-AB77-1DA20808FE4B}.Debug|Any CPU.ActiveCfg = Debug|Any CPU
		{A9B47528-7CFE-4614-AB77-1DA20808FE4B}.Debug|Any CPU.Build.0 = Debug|Any CPU
		{A9B47528-7CFE-4614-AB77-1DA20808FE4B}.Release|Any CPU.ActiveCfg = Release|Any CPU
		{A9B47528-7CFE-4614-AB77-1DA20808FE4B}.Release|Any CPU.Build.0 = Release|Any CPU
		{A83F8028-ECBA-4DBF-B061-70FA5B20100E}.Debug|Any CPU.ActiveCfg = Debug|Any CPU
		{A83F8028-ECBA-4DBF-B061-70FA5B20100E}.Debug|Any CPU.Build.0 = Debug|Any CPU
		{A83F8028-ECBA-4DBF-B061-70FA5B20100E}.Release|Any CPU.ActiveCfg = Release|Any CPU
		{A83F8028-ECBA-4DBF-B061-70FA5B20100E}.Release|Any CPU.Build.0 = Release|Any CPU
		{5971159D-5B73-4C21-AD50-671B8EAEE388}.Debug|Any CPU.ActiveCfg = Debug|Any CPU
		{5971159D-5B73-4C21-AD50-671B8EAEE388}.Debug|Any CPU.Build.0 = Debug|Any CPU
		{5971159D-5B73-4C21-AD50-671B8EAEE388}.Release|Any CPU.ActiveCfg = Release|Any CPU
		{5971159D-5B73-4C21-AD50-671B8EAEE388}.Release|Any CPU.Build.0 = Release|Any CPU
		{A09B0ACE-CA61-43A5-8861-334A4B29567A}.Debug|Any CPU.ActiveCfg = Debug|Any CPU
		{A09B0ACE-CA61-43A5-8861-334A4B29567A}.Debug|Any CPU.Build.0 = Debug|Any CPU
		{A09B0ACE-CA61-43A5-8861-334A4B29567A}.Release|Any CPU.ActiveCfg = Release|Any CPU
		{A09B0ACE-CA61-43A5-8861-334A4B29567A}.Release|Any CPU.Build.0 = Release|Any CPU
		{B8A54065-A9FA-430B-BEBE-28BA9FD6C3F5}.Debug|Any CPU.ActiveCfg = Debug|Any CPU
		{B8A54065-A9FA-430B-BEBE-28BA9FD6C3F5}.Debug|Any CPU.Build.0 = Debug|Any CPU
		{B8A54065-A9FA-430B-BEBE-28BA9FD6C3F5}.Release|Any CPU.ActiveCfg = Release|Any CPU
		{B8A54065-A9FA-430B-BEBE-28BA9FD6C3F5}.Release|Any CPU.Build.0 = Release|Any CPU
		{7AFADCEF-E449-4FB3-9332-013D25D57D98}.Debug|Any CPU.ActiveCfg = Debug|Any CPU
		{7AFADCEF-E449-4FB3-9332-013D25D57D98}.Debug|Any CPU.Build.0 = Debug|Any CPU
		{7AFADCEF-E449-4FB3-9332-013D25D57D98}.Release|Any CPU.ActiveCfg = Release|Any CPU
		{7AFADCEF-E449-4FB3-9332-013D25D57D98}.Release|Any CPU.Build.0 = Release|Any CPU
		{F483D80F-B2DB-4F07-A3FC-720F0E2743FB}.Debug|Any CPU.ActiveCfg = Debug|Any CPU
		{F483D80F-B2DB-4F07-A3FC-720F0E2743FB}.Debug|Any CPU.Build.0 = Debug|Any CPU
		{F483D80F-B2DB-4F07-A3FC-720F0E2743FB}.Release|Any CPU.ActiveCfg = Release|Any CPU
		{F483D80F-B2DB-4F07-A3FC-720F0E2743FB}.Release|Any CPU.Build.0 = Release|Any CPU
		{8E10F0B5-A519-47C8-88F0-39CFBBA8AF49}.Debug|Any CPU.ActiveCfg = Debug|Any CPU
		{8E10F0B5-A519-47C8-88F0-39CFBBA8AF49}.Debug|Any CPU.Build.0 = Debug|Any CPU
		{8E10F0B5-A519-47C8-88F0-39CFBBA8AF49}.Release|Any CPU.ActiveCfg = Release|Any CPU
		{8E10F0B5-A519-47C8-88F0-39CFBBA8AF49}.Release|Any CPU.Build.0 = Release|Any CPU
		{3ED2C4C2-1353-47B3-9B1F-93F3B094340D}.Debug|Any CPU.ActiveCfg = Debug|Any CPU
		{3ED2C4C2-1353-47B3-9B1F-93F3B094340D}.Debug|Any CPU.Build.0 = Debug|Any CPU
		{3ED2C4C2-1353-47B3-9B1F-93F3B094340D}.Release|Any CPU.ActiveCfg = Release|Any CPU
		{3ED2C4C2-1353-47B3-9B1F-93F3B094340D}.Release|Any CPU.Build.0 = Release|Any CPU
		{307B418B-657C-4713-A160-A0B70249D6A1}.Debug|Any CPU.ActiveCfg = Debug|Any CPU
		{307B418B-657C-4713-A160-A0B70249D6A1}.Debug|Any CPU.Build.0 = Debug|Any CPU
		{307B418B-657C-4713-A160-A0B70249D6A1}.Release|Any CPU.ActiveCfg = Release|Any CPU
		{307B418B-657C-4713-A160-A0B70249D6A1}.Release|Any CPU.Build.0 = Release|Any CPU
		{E06EC71F-1612-48E6-8A6C-71DACCF127F1}.Debug|Any CPU.ActiveCfg = Debug|Any CPU
		{E06EC71F-1612-48E6-8A6C-71DACCF127F1}.Debug|Any CPU.Build.0 = Debug|Any CPU
		{E06EC71F-1612-48E6-8A6C-71DACCF127F1}.Release|Any CPU.ActiveCfg = Release|Any CPU
		{E06EC71F-1612-48E6-8A6C-71DACCF127F1}.Release|Any CPU.Build.0 = Release|Any CPU
		{5BAE6563-88D3-406D-9E9C-6CC3AC1BD09B}.Debug|Any CPU.ActiveCfg = Debug|Any CPU
		{5BAE6563-88D3-406D-9E9C-6CC3AC1BD09B}.Debug|Any CPU.Build.0 = Debug|Any CPU
		{5BAE6563-88D3-406D-9E9C-6CC3AC1BD09B}.Release|Any CPU.ActiveCfg = Release|Any CPU
		{5BAE6563-88D3-406D-9E9C-6CC3AC1BD09B}.Release|Any CPU.Build.0 = Release|Any CPU
		{0E216693-1B71-4DD1-B909-5FF400D4BAA0}.Debug|Any CPU.ActiveCfg = Debug|Any CPU
		{0E216693-1B71-4DD1-B909-5FF400D4BAA0}.Debug|Any CPU.Build.0 = Debug|Any CPU
		{0E216693-1B71-4DD1-B909-5FF400D4BAA0}.Release|Any CPU.ActiveCfg = Release|Any CPU
		{0E216693-1B71-4DD1-B909-5FF400D4BAA0}.Release|Any CPU.Build.0 = Release|Any CPU
		{B16BC4C7-465C-4BCF-842A-6D1062730BD8}.Debug|Any CPU.ActiveCfg = Debug|Any CPU
		{B16BC4C7-465C-4BCF-842A-6D1062730BD8}.Debug|Any CPU.Build.0 = Debug|Any CPU
		{B16BC4C7-465C-4BCF-842A-6D1062730BD8}.Release|Any CPU.ActiveCfg = Release|Any CPU
		{B16BC4C7-465C-4BCF-842A-6D1062730BD8}.Release|Any CPU.Build.0 = Release|Any CPU
		{8E3D90B4-DF0D-473B-BCEF-1BAA57DAE131}.Debug|Any CPU.ActiveCfg = Debug|Any CPU
		{8E3D90B4-DF0D-473B-BCEF-1BAA57DAE131}.Debug|Any CPU.Build.0 = Debug|Any CPU
		{8E3D90B4-DF0D-473B-BCEF-1BAA57DAE131}.Release|Any CPU.ActiveCfg = Release|Any CPU
		{8E3D90B4-DF0D-473B-BCEF-1BAA57DAE131}.Release|Any CPU.Build.0 = Release|Any CPU
		{DC5E1581-D1BC-4CAD-99B0-31DB3BB6F427}.Debug|Any CPU.ActiveCfg = Debug|Any CPU
		{DC5E1581-D1BC-4CAD-99B0-31DB3BB6F427}.Debug|Any CPU.Build.0 = Debug|Any CPU
		{DC5E1581-D1BC-4CAD-99B0-31DB3BB6F427}.Release|Any CPU.ActiveCfg = Release|Any CPU
		{DC5E1581-D1BC-4CAD-99B0-31DB3BB6F427}.Release|Any CPU.Build.0 = Release|Any CPU
		{00AFB87B-B2E8-4A9A-93A7-1010975B3544}.Debug|Any CPU.ActiveCfg = Debug|Any CPU
		{00AFB87B-B2E8-4A9A-93A7-1010975B3544}.Debug|Any CPU.Build.0 = Debug|Any CPU
		{00AFB87B-B2E8-4A9A-93A7-1010975B3544}.Release|Any CPU.ActiveCfg = Release|Any CPU
		{00AFB87B-B2E8-4A9A-93A7-1010975B3544}.Release|Any CPU.Build.0 = Release|Any CPU
		{DB82E7CF-0C28-40B9-B4D1-134313D65685}.Debug|Any CPU.ActiveCfg = Debug|Any CPU
		{DB82E7CF-0C28-40B9-B4D1-134313D65685}.Debug|Any CPU.Build.0 = Debug|Any CPU
		{DB82E7CF-0C28-40B9-B4D1-134313D65685}.Release|Any CPU.ActiveCfg = Release|Any CPU
		{DB82E7CF-0C28-40B9-B4D1-134313D65685}.Release|Any CPU.Build.0 = Release|Any CPU
		{9EAAF936-BC96-437B-8F03-672EA5A8B5D5}.Debug|Any CPU.ActiveCfg = Debug|Any CPU
		{9EAAF936-BC96-437B-8F03-672EA5A8B5D5}.Debug|Any CPU.Build.0 = Debug|Any CPU
		{9EAAF936-BC96-437B-8F03-672EA5A8B5D5}.Release|Any CPU.ActiveCfg = Release|Any CPU
		{9EAAF936-BC96-437B-8F03-672EA5A8B5D5}.Release|Any CPU.Build.0 = Release|Any CPU
		{78A91A1F-50FB-44A2-BC7D-0D06FD418D96}.Debug|Any CPU.ActiveCfg = Debug|Any CPU
		{78A91A1F-50FB-44A2-BC7D-0D06FD418D96}.Debug|Any CPU.Build.0 = Debug|Any CPU
		{78A91A1F-50FB-44A2-BC7D-0D06FD418D96}.Release|Any CPU.ActiveCfg = Release|Any CPU
		{78A91A1F-50FB-44A2-BC7D-0D06FD418D96}.Release|Any CPU.Build.0 = Release|Any CPU
		{C086BE95-0D95-4DA4-A93F-88F085508D3B}.Debug|Any CPU.ActiveCfg = Debug|Any CPU
		{C086BE95-0D95-4DA4-A93F-88F085508D3B}.Debug|Any CPU.Build.0 = Debug|Any CPU
		{C086BE95-0D95-4DA4-A93F-88F085508D3B}.Release|Any CPU.ActiveCfg = Release|Any CPU
		{C086BE95-0D95-4DA4-A93F-88F085508D3B}.Release|Any CPU.Build.0 = Release|Any CPU
		{3AB9C9A8-2B81-4F4D-85F5-FCE0FAFADF4A}.Debug|Any CPU.ActiveCfg = Debug|Any CPU
		{3AB9C9A8-2B81-4F4D-85F5-FCE0FAFADF4A}.Debug|Any CPU.Build.0 = Debug|Any CPU
		{3AB9C9A8-2B81-4F4D-85F5-FCE0FAFADF4A}.Release|Any CPU.ActiveCfg = Release|Any CPU
		{3AB9C9A8-2B81-4F4D-85F5-FCE0FAFADF4A}.Release|Any CPU.Build.0 = Release|Any CPU
		{30352CEE-05ED-47C3-B832-B45E600E9718}.Debug|Any CPU.ActiveCfg = Debug|Any CPU
		{30352CEE-05ED-47C3-B832-B45E600E9718}.Debug|Any CPU.Build.0 = Debug|Any CPU
		{30352CEE-05ED-47C3-B832-B45E600E9718}.Release|Any CPU.ActiveCfg = Release|Any CPU
		{30352CEE-05ED-47C3-B832-B45E600E9718}.Release|Any CPU.Build.0 = Release|Any CPU
		{6DA0CBD7-AF86-4939-B71B-EC1B16D72237}.Debug|Any CPU.ActiveCfg = Debug|Any CPU
		{6DA0CBD7-AF86-4939-B71B-EC1B16D72237}.Debug|Any CPU.Build.0 = Debug|Any CPU
		{6DA0CBD7-AF86-4939-B71B-EC1B16D72237}.Release|Any CPU.ActiveCfg = Release|Any CPU
		{6DA0CBD7-AF86-4939-B71B-EC1B16D72237}.Release|Any CPU.Build.0 = Release|Any CPU
		{6E693495-8076-4FD8-9330-FE580EFED715}.Debug|Any CPU.ActiveCfg = Debug|Any CPU
		{6E693495-8076-4FD8-9330-FE580EFED715}.Debug|Any CPU.Build.0 = Debug|Any CPU
		{6E693495-8076-4FD8-9330-FE580EFED715}.Release|Any CPU.ActiveCfg = Release|Any CPU
		{6E693495-8076-4FD8-9330-FE580EFED715}.Release|Any CPU.Build.0 = Release|Any CPU
		{2F375AD1-6AF2-4A95-91A8-E8494BC5325A}.Debug|Any CPU.ActiveCfg = Debug|Any CPU
		{2F375AD1-6AF2-4A95-91A8-E8494BC5325A}.Debug|Any CPU.Build.0 = Debug|Any CPU
		{2F375AD1-6AF2-4A95-91A8-E8494BC5325A}.Release|Any CPU.ActiveCfg = Release|Any CPU
		{2F375AD1-6AF2-4A95-91A8-E8494BC5325A}.Release|Any CPU.Build.0 = Release|Any CPU
		{29C291DA-B634-46EA-A676-84C6DB0BE26A}.Debug|Any CPU.ActiveCfg = Debug|Any CPU
		{29C291DA-B634-46EA-A676-84C6DB0BE26A}.Debug|Any CPU.Build.0 = Debug|Any CPU
		{29C291DA-B634-46EA-A676-84C6DB0BE26A}.Release|Any CPU.ActiveCfg = Release|Any CPU
		{29C291DA-B634-46EA-A676-84C6DB0BE26A}.Release|Any CPU.Build.0 = Release|Any CPU
		{20BAEB10-5A07-48FF-B7D6-9455FBCAC593}.Debug|Any CPU.ActiveCfg = Debug|Any CPU
		{20BAEB10-5A07-48FF-B7D6-9455FBCAC593}.Debug|Any CPU.Build.0 = Debug|Any CPU
		{20BAEB10-5A07-48FF-B7D6-9455FBCAC593}.Release|Any CPU.ActiveCfg = Release|Any CPU
		{20BAEB10-5A07-48FF-B7D6-9455FBCAC593}.Release|Any CPU.Build.0 = Release|Any CPU
	EndGlobalSection
	GlobalSection(SolutionProperties) = preSolution
		HideSolutionNode = FALSE
	EndGlobalSection
	GlobalSection(NestedProjects) = preSolution
		{1307B4CE-04FF-4315-BC01-0371760D5C26} = {EEA9BD6B-DDFF-4580-99D3-0FBBC644FC4D}
		{7942CE31-3804-446A-845B-0451884BB6B7} = {EEA9BD6B-DDFF-4580-99D3-0FBBC644FC4D}
		{3799662A-7D24-4FE0-B23F-38281CA1D84E} = {7942CE31-3804-446A-845B-0451884BB6B7}
		{9F1CD6C1-8419-4262-B7AE-F66C530B9EC7} = {7942CE31-3804-446A-845B-0451884BB6B7}
		{E8C72A66-8993-427D-A2BA-73B170309B32} = {EEA9BD6B-DDFF-4580-99D3-0FBBC644FC4D}
		{A9B47528-7CFE-4614-AB77-1DA20808FE4B} = {9F1CD6C1-8419-4262-B7AE-F66C530B9EC7}
		{A83F8028-ECBA-4DBF-B061-70FA5B20100E} = {9F1CD6C1-8419-4262-B7AE-F66C530B9EC7}
		{5971159D-5B73-4C21-AD50-671B8EAEE388} = {9F1CD6C1-8419-4262-B7AE-F66C530B9EC7}
		{A09B0ACE-CA61-43A5-8861-334A4B29567A} = {E8C72A66-8993-427D-A2BA-73B170309B32}
		{7C414564-DB04-47D4-88B1-7C7B24C7904F} = {83377ABA-BB9E-4738-82DF-9A8D1DCE75F0}
		{B8A54065-A9FA-430B-BEBE-28BA9FD6C3F5} = {E8C72A66-8993-427D-A2BA-73B170309B32}
		{83377ABA-BB9E-4738-82DF-9A8D1DCE75F0} = {7942CE31-3804-446A-845B-0451884BB6B7}
		{7AFADCEF-E449-4FB3-9332-013D25D57D98} = {7C414564-DB04-47D4-88B1-7C7B24C7904F}
		{F483D80F-B2DB-4F07-A3FC-720F0E2743FB} = {7C414564-DB04-47D4-88B1-7C7B24C7904F}
		{8E10F0B5-A519-47C8-88F0-39CFBBA8AF49} = {7C414564-DB04-47D4-88B1-7C7B24C7904F}
		{3ED2C4C2-1353-47B3-9B1F-93F3B094340D} = {7C414564-DB04-47D4-88B1-7C7B24C7904F}
		{307B418B-657C-4713-A160-A0B70249D6A1} = {9F1CD6C1-8419-4262-B7AE-F66C530B9EC7}
		{E06EC71F-1612-48E6-8A6C-71DACCF127F1} = {3799662A-7D24-4FE0-B23F-38281CA1D84E}
		{5BAE6563-88D3-406D-9E9C-6CC3AC1BD09B} = {7C414564-DB04-47D4-88B1-7C7B24C7904F}
		{0E216693-1B71-4DD1-B909-5FF400D4BAA0} = {9F1CD6C1-8419-4262-B7AE-F66C530B9EC7}
		{B16BC4C7-465C-4BCF-842A-6D1062730BD8} = {3799662A-7D24-4FE0-B23F-38281CA1D84E}
		{8E3D90B4-DF0D-473B-BCEF-1BAA57DAE131} = {1307B4CE-04FF-4315-BC01-0371760D5C26}
		{DC5E1581-D1BC-4CAD-99B0-31DB3BB6F427} = {1307B4CE-04FF-4315-BC01-0371760D5C26}
		{00AFB87B-B2E8-4A9A-93A7-1010975B3544} = {1307B4CE-04FF-4315-BC01-0371760D5C26}
		{DB82E7CF-0C28-40B9-B4D1-134313D65685} = {1307B4CE-04FF-4315-BC01-0371760D5C26}
		{9EAAF936-BC96-437B-8F03-672EA5A8B5D5} = {1307B4CE-04FF-4315-BC01-0371760D5C26}
		{78A91A1F-50FB-44A2-BC7D-0D06FD418D96} = {1307B4CE-04FF-4315-BC01-0371760D5C26}
		{C086BE95-0D95-4DA4-A93F-88F085508D3B} = {3799662A-7D24-4FE0-B23F-38281CA1D84E}
		{3AB9C9A8-2B81-4F4D-85F5-FCE0FAFADF4A} = {1307B4CE-04FF-4315-BC01-0371760D5C26}
		{9050415E-2E9D-4737-8D81-A938CD4D1D80} = {7942CE31-3804-446A-845B-0451884BB6B7}
		{30352CEE-05ED-47C3-B832-B45E600E9718} = {9050415E-2E9D-4737-8D81-A938CD4D1D80}
		{6DA0CBD7-AF86-4939-B71B-EC1B16D72237} = {9050415E-2E9D-4737-8D81-A938CD4D1D80}
		{6E693495-8076-4FD8-9330-FE580EFED715} = {41C25D4F-945B-4C32-99B7-E8F8F92CF28F}
		{2F375AD1-6AF2-4A95-91A8-E8494BC5325A} = {E8C72A66-8993-427D-A2BA-73B170309B32}
		{29C291DA-B634-46EA-A676-84C6DB0BE26A} = {7C414564-DB04-47D4-88B1-7C7B24C7904F}
		{20BAEB10-5A07-48FF-B7D6-9455FBCAC593} = {1307B4CE-04FF-4315-BC01-0371760D5C26}
	EndGlobalSection
	GlobalSection(ExtensibilityGlobals) = postSolution
		SolutionGuid = {8BB3B9BB-6C76-478F-982F-E2E084DBDFAC}
	EndGlobalSection
EndGlobal
