
Microsoft Visual Studio Solution File, Format Version 12.00
# Visual Studio Version 16
VisualStudioVersion = 16.0.28803.156
MinimumVisualStudioVersion = 10.0.40219.1
Project("{2150E333-8FDC-42A3-9474-1A3956D46DE8}") = "src", "src", "{EEA9BD6B-DDFF-4580-99D3-0FBBC644FC4D}"
EndProject
Project("{2150E333-8FDC-42A3-9474-1A3956D46DE8}") = "test", "test", "{41C25D4F-945B-4C32-99B7-E8F8F92CF28F}"
	ProjectSection(SolutionItems) = preProject
		test\docker-compose.test.yml = test\docker-compose.test.yml
	EndProjectSection
EndProject
Project("{2150E333-8FDC-42A3-9474-1A3956D46DE8}") = "Seedworks", "Seedworks", "{1307B4CE-04FF-4315-BC01-0371760D5C26}"
EndProject
Project("{2150E333-8FDC-42A3-9474-1A3956D46DE8}") = "Services", "Services", "{7942CE31-3804-446A-845B-0451884BB6B7}"
EndProject
Project("{2150E333-8FDC-42A3-9474-1A3956D46DE8}") = "Identity", "Identity", "{3799662A-7D24-4FE0-B23F-38281CA1D84E}"
EndProject
Project("{E53339B2-1760-4266-BCC7-CA923CBCF16C}") = "docker-compose", "docker-compose.dcproj", "{702D7D71-3CD1-436F-BD4E-6A488BB3CFC9}"
EndProject
Project("{2150E333-8FDC-42A3-9474-1A3956D46DE8}") = "Solution Items", "Solution Items", "{6320F9AE-AC74-456A-869F-5A570C3467AB}"
	ProjectSection(SolutionItems) = preProject
		.env = .env
		global.json = global.json
	EndProjectSection
EndProject
Project("{2150E333-8FDC-42A3-9474-1A3956D46DE8}") = "Cashier", "Cashier", "{9F1CD6C1-8419-4262-B7AE-F66C530B9EC7}"
EndProject
Project("{2150E333-8FDC-42A3-9474-1A3956D46DE8}") = "Web Apps", "Web Apps", "{E8C72A66-8993-427D-A2BA-73B170309B32}"
EndProject
Project("{9A19103F-16F7-4668-BE54-9A1E7A4F7556}") = "eDoxa.Cashier.Domain", "src\eDoxa.Cashier.Domain\eDoxa.Cashier.Domain.csproj", "{A9B47528-7CFE-4614-AB77-1DA20808FE4B}"
EndProject
Project("{9A19103F-16F7-4668-BE54-9A1E7A4F7556}") = "eDoxa.Cashier.Infrastructure", "src\eDoxa.Cashier.Infrastructure\eDoxa.Cashier.Infrastructure.csproj", "{A83F8028-ECBA-4DBF-B061-70FA5B20100E}"
EndProject
Project("{9A19103F-16F7-4668-BE54-9A1E7A4F7556}") = "eDoxa.Cashier.Api", "src\eDoxa.Cashier.Api\eDoxa.Cashier.Api.csproj", "{5971159D-5B73-4C21-AD50-671B8EAEE388}"
EndProject
Project("{9A19103F-16F7-4668-BE54-9A1E7A4F7556}") = "eDoxa.Web.Spa", "src\eDoxa.Web.Spa\eDoxa.Web.Spa.csproj", "{A09B0ACE-CA61-43A5-8861-334A4B29567A}"
EndProject
Project("{2150E333-8FDC-42A3-9474-1A3956D46DE8}") = "Challenges", "Challenges", "{7C414564-DB04-47D4-88B1-7C7B24C7904F}"
EndProject
Project("{9A19103F-16F7-4668-BE54-9A1E7A4F7556}") = "eDoxa.Web.Status", "src\eDoxa.Web.Status\eDoxa.Web.Status.csproj", "{B8A54065-A9FA-430B-BEBE-28BA9FD6C3F5}"
EndProject
Project("{9A19103F-16F7-4668-BE54-9A1E7A4F7556}") = "eDoxa.Cashier.IntegrationTests", "test\eDoxa.Cashier.IntegrationTests\eDoxa.Cashier.IntegrationTests.csproj", "{307B418B-657C-4713-A160-A0B70249D6A1}"
EndProject
Project("{9A19103F-16F7-4668-BE54-9A1E7A4F7556}") = "eDoxa.Identity.IntegrationTests", "test\eDoxa.Identity.IntegrationTests\eDoxa.Identity.IntegrationTests.csproj", "{E06EC71F-1612-48E6-8A6C-71DACCF127F1}"
EndProject
Project("{9A19103F-16F7-4668-BE54-9A1E7A4F7556}") = "eDoxa.Cashier.UnitTests", "test\eDoxa.Cashier.UnitTests\eDoxa.Cashier.UnitTests.csproj", "{0E216693-1B71-4DD1-B909-5FF400D4BAA0}"
EndProject
Project("{9A19103F-16F7-4668-BE54-9A1E7A4F7556}") = "eDoxa.Identity.UnitTests", "test\eDoxa.Identity.UnitTests\eDoxa.Identity.UnitTests.csproj", "{B16BC4C7-465C-4BCF-842A-6D1062730BD8}"
EndProject
Project("{9A19103F-16F7-4668-BE54-9A1E7A4F7556}") = "eDoxa.Seedwork.UnitTests", "test\eDoxa.Seedwork.UnitTests\eDoxa.Seedwork.UnitTests.csproj", "{8E3D90B4-DF0D-473B-BCEF-1BAA57DAE131}"
EndProject
Project("{9A19103F-16F7-4668-BE54-9A1E7A4F7556}") = "eDoxa.Seedwork.Domain", "src\eDoxa.Seedwork.Domain\eDoxa.Seedwork.Domain.csproj", "{DC5E1581-D1BC-4CAD-99B0-31DB3BB6F427}"
EndProject
Project("{9A19103F-16F7-4668-BE54-9A1E7A4F7556}") = "eDoxa.Seedwork.Infrastructure", "src\eDoxa.Seedwork.Infrastructure\eDoxa.Seedwork.Infrastructure.csproj", "{00AFB87B-B2E8-4A9A-93A7-1010975B3544}"
EndProject
Project("{9A19103F-16F7-4668-BE54-9A1E7A4F7556}") = "eDoxa.Seedwork.Application", "src\eDoxa.Seedwork.Application\eDoxa.Seedwork.Application.csproj", "{DB82E7CF-0C28-40B9-B4D1-134313D65685}"
EndProject
Project("{9A19103F-16F7-4668-BE54-9A1E7A4F7556}") = "eDoxa.Seedwork.Security", "src\eDoxa.Seedwork.Security\eDoxa.Seedwork.Security.csproj", "{9EAAF936-BC96-437B-8F03-672EA5A8B5D5}"
EndProject
Project("{9A19103F-16F7-4668-BE54-9A1E7A4F7556}") = "eDoxa.Identity.Api", "src\eDoxa.Identity.Api\eDoxa.Identity.Api.csproj", "{C086BE95-0D95-4DA4-A93F-88F085508D3B}"
EndProject
Project("{9A19103F-16F7-4668-BE54-9A1E7A4F7556}") = "eDoxa.Seedwork.Monitoring", "src\eDoxa.Seedwork.Monitoring\eDoxa.Seedwork.Monitoring.csproj", "{3AB9C9A8-2B81-4F4D-85F5-FCE0FAFADF4A}"
EndProject
Project("{2150E333-8FDC-42A3-9474-1A3956D46DE8}") = "Payment", "Payment", "{9050415E-2E9D-4737-8D81-A938CD4D1D80}"
EndProject
Project("{9A19103F-16F7-4668-BE54-9A1E7A4F7556}") = "eDoxa.Payment.Api", "src\eDoxa.Payment.Api\eDoxa.Payment.Api.csproj", "{30352CEE-05ED-47C3-B832-B45E600E9718}"
EndProject
Project("{9A19103F-16F7-4668-BE54-9A1E7A4F7556}") = "eDoxa.Payment.UnitTests", "test\eDoxa.Payment.UnitTests\eDoxa.Payment.UnitTests.csproj", "{6DA0CBD7-AF86-4939-B71B-EC1B16D72237}"
EndProject
Project("{9A19103F-16F7-4668-BE54-9A1E7A4F7556}") = "eDoxa.FunctionalTests", "test\eDoxa.FunctionalTests\eDoxa.FunctionalTests.csproj", "{6E693495-8076-4FD8-9330-FE580EFED715}"
EndProject
Project("{2150E333-8FDC-42A3-9474-1A3956D46DE8}") = "Games", "Games", "{B2B5AC31-D0E2-402C-87C6-2DFFBAA690D5}"
EndProject
Project("{2150E333-8FDC-42A3-9474-1A3956D46DE8}") = "Clans", "Clans", "{77BF035E-3B62-4A95-A525-90E94E48038B}"
EndProject
Project("{2150E333-8FDC-42A3-9474-1A3956D46DE8}") = "Notifications", "Notifications", "{24E16D8E-A0C5-4B26-BF36-EBBE730FF234}"
EndProject
Project("{9A19103F-16F7-4668-BE54-9A1E7A4F7556}") = "eDoxa.Notifications.Api", "src\eDoxa.Notifications.Api\eDoxa.Notifications.Api.csproj", "{093F7F63-BC13-4892-978A-3142887B3AA5}"
EndProject
Project("{9A19103F-16F7-4668-BE54-9A1E7A4F7556}") = "eDoxa.Notifications.Domain", "src\eDoxa.Notifications.Domain\eDoxa.Notifications.Domain.csproj", "{B015B2B4-C5D1-4EE8-B7BB-661D3073C1FE}"
EndProject
Project("{9A19103F-16F7-4668-BE54-9A1E7A4F7556}") = "eDoxa.Notifications.Infrastructure", "src\eDoxa.Notifications.Infrastructure\eDoxa.Notifications.Infrastructure.csproj", "{F460E421-8AD3-4D57-BAD5-D52DBB98A7A5}"
EndProject
Project("{9A19103F-16F7-4668-BE54-9A1E7A4F7556}") = "eDoxa.Notifications.IntegrationTests", "test\eDoxa.Notifications.IntegrationTests\eDoxa.Notifications.IntegrationTests.csproj", "{0B08531E-88E0-4D0E-908C-B1331E0616E6}"
EndProject
Project("{9A19103F-16F7-4668-BE54-9A1E7A4F7556}") = "eDoxa.Notifications.UnitTests", "test\eDoxa.Notifications.UnitTests\eDoxa.Notifications.UnitTests.csproj", "{F8738E79-4602-4DD2-8D3E-9C2214E01AED}"
EndProject
Project("{9A19103F-16F7-4668-BE54-9A1E7A4F7556}") = "eDoxa.Payment.Domain", "src\eDoxa.Payment.Domain\eDoxa.Payment.Domain.csproj", "{2A8B0B41-23DE-4C2C-B8D0-87146874E685}"
EndProject
Project("{9A19103F-16F7-4668-BE54-9A1E7A4F7556}") = "eDoxa.Payment.Infrastructure", "src\eDoxa.Payment.Infrastructure\eDoxa.Payment.Infrastructure.csproj", "{93453F36-F745-412C-A300-CCE6B1F3A016}"
EndProject
Project("{9A19103F-16F7-4668-BE54-9A1E7A4F7556}") = "eDoxa.Payment.IntegrationTests", "test\eDoxa.Payment.IntegrationTests\eDoxa.Payment.IntegrationTests.csproj", "{8BB4499A-B77E-4AA9-B5FC-9B9C74A33D34}"
EndProject
Project("{9A19103F-16F7-4668-BE54-9A1E7A4F7556}") = "eDoxa.Cashier.TestHelper", "test\eDoxa.Cashier.TestHelper\eDoxa.Cashier.TestHelper.csproj", "{7B4885CC-EF1F-4E1B-98BB-E0B93863B490}"
EndProject
Project("{9A19103F-16F7-4668-BE54-9A1E7A4F7556}") = "eDoxa.Identity.TestHelper", "test\eDoxa.Identity.TestHelper\eDoxa.Identity.TestHelper.csproj", "{3DED1364-623B-4B6B-BC65-F65E87502188}"
EndProject
Project("{9A19103F-16F7-4668-BE54-9A1E7A4F7556}") = "eDoxa.Notifications.TestHelper", "test\eDoxa.Notifications.TestHelper\eDoxa.Notifications.TestHelper.csproj", "{68A1C3BD-111B-40E7-86AC-2DF8E7C1D05B}"
EndProject
Project("{9A19103F-16F7-4668-BE54-9A1E7A4F7556}") = "eDoxa.Payment.TestHelper", "test\eDoxa.Payment.TestHelper\eDoxa.Payment.TestHelper.csproj", "{1DF6BDAD-E7E1-4B38-89C2-CF77869FC160}"
EndProject
Project("{9A19103F-16F7-4668-BE54-9A1E7A4F7556}") = "eDoxa.Seedwork.TestHelper", "test\eDoxa.Seedwork.TestHelper\eDoxa.Seedwork.TestHelper.csproj", "{36A49358-2002-4278-923E-45D4BDD3469F}"
EndProject
Project("{2150E333-8FDC-42A3-9474-1A3956D46DE8}") = "build", "build", "{63922276-5615-4A61-8A84-B57E676C6D47}"
	ProjectSection(SolutionItems) = preProject
		build\.env = build\.env
		build\docker-compose.ci.test.yml = build\docker-compose.ci.test.yml
	EndProjectSection
EndProject
Project("{2150E333-8FDC-42A3-9474-1A3956D46DE8}") = "powershell", "powershell", "{EDC9E143-7B40-40BE-9AB8-10EE8A346EB9}"
	ProjectSection(SolutionItems) = preProject
		powershell\az-acr-login.ps1 = powershell\az-acr-login.ps1
		powershell\az-login.ps1 = powershell\az-login.ps1
		powershell\docker-compose.test-up.ps1 = powershell\docker-compose.test-up.ps1
		powershell\docker-container-rm.ps1 = powershell\docker-container-rm.ps1
		powershell\firewall-rule.ps1 = powershell\firewall-rule.ps1
	EndProjectSection
EndProject
Project("{9A19103F-16F7-4668-BE54-9A1E7A4F7556}") = "eDoxa.Challenges.Api", "src\eDoxa.Challenges.Api\eDoxa.Challenges.Api.csproj", "{FA3CA3A6-8F54-47D3-B289-3E2B55EF71FB}"
EndProject
Project("{9A19103F-16F7-4668-BE54-9A1E7A4F7556}") = "eDoxa.Challenges.Domain", "src\eDoxa.Challenges.Domain\eDoxa.Challenges.Domain.csproj", "{B053D50A-2FD0-4D69-B1C9-45687BC080F3}"
EndProject
Project("{9A19103F-16F7-4668-BE54-9A1E7A4F7556}") = "eDoxa.Challenges.Infrastructure", "src\eDoxa.Challenges.Infrastructure\eDoxa.Challenges.Infrastructure.csproj", "{036657EB-B2ED-4C5E-A602-AACAB9058145}"
EndProject
Project("{9A19103F-16F7-4668-BE54-9A1E7A4F7556}") = "eDoxa.Challenges.IntegrationTests", "test\eDoxa.Challenges.IntegrationTests\eDoxa.Challenges.IntegrationTests.csproj", "{51910EC7-FF92-4636-BEAB-BC4DB095876F}"
EndProject
Project("{9A19103F-16F7-4668-BE54-9A1E7A4F7556}") = "eDoxa.Challenges.TestHelper", "test\eDoxa.Challenges.TestHelper\eDoxa.Challenges.TestHelper.csproj", "{E66B2361-9D1D-435C-A2CA-D80236349406}"
EndProject
Project("{9A19103F-16F7-4668-BE54-9A1E7A4F7556}") = "eDoxa.Challenges.UnitTests", "test\eDoxa.Challenges.UnitTests\eDoxa.Challenges.UnitTests.csproj", "{680C8307-33CD-4AEF-BC12-0EA061FF9F3F}"
EndProject
Project("{9A19103F-16F7-4668-BE54-9A1E7A4F7556}") = "eDoxa.Clans.IntegrationTests", "test\eDoxa.Clans.IntegrationTests\eDoxa.Clans.IntegrationTests.csproj", "{56576D3A-7B2C-4B74-B2F2-C6A6D8E6C457}"
EndProject
Project("{9A19103F-16F7-4668-BE54-9A1E7A4F7556}") = "eDoxa.Clans.TestHelper", "test\eDoxa.Clans.TestHelper\eDoxa.Clans.TestHelper.csproj", "{B738061F-7798-435C-BDAA-839784DC8358}"
EndProject
Project("{9A19103F-16F7-4668-BE54-9A1E7A4F7556}") = "eDoxa.Clans.UnitTests", "test\eDoxa.Clans.UnitTests\eDoxa.Clans.UnitTests.csproj", "{16203544-19D8-4981-9442-9D7093747FB5}"
EndProject
Project("{9A19103F-16F7-4668-BE54-9A1E7A4F7556}") = "eDoxa.Clans.Api", "src\eDoxa.Clans.Api\eDoxa.Clans.Api.csproj", "{FB172CE4-7060-4FAF-AB5D-958D4F73260C}"
EndProject
Project("{9A19103F-16F7-4668-BE54-9A1E7A4F7556}") = "eDoxa.Clans.Domain", "src\eDoxa.Clans.Domain\eDoxa.Clans.Domain.csproj", "{DD9BB908-0706-4E06-93AF-5C95E8B2F10F}"
EndProject
Project("{9A19103F-16F7-4668-BE54-9A1E7A4F7556}") = "eDoxa.Clans.Infrastructure", "src\eDoxa.Clans.Infrastructure\eDoxa.Clans.Infrastructure.csproj", "{49762709-6932-4A3D-ABF3-A49BB99F44A4}"
EndProject
Project("{9A19103F-16F7-4668-BE54-9A1E7A4F7556}") = "eDoxa.Games", "src\eDoxa.Games\eDoxa.Games.csproj", "{4750BCDD-CC54-4CD6-803E-BBA936F2AC19}"
EndProject
Project("{9A19103F-16F7-4668-BE54-9A1E7A4F7556}") = "eDoxa.Games.Abstractions", "src\eDoxa.Games.Abstractions\eDoxa.Games.Abstractions.csproj", "{7E051476-8FCF-4631-BAAA-DBC17E1DAF9C}"
EndProject
Project("{9A19103F-16F7-4668-BE54-9A1E7A4F7556}") = "eDoxa.Games.Api", "src\eDoxa.Games.Api\eDoxa.Games.Api.csproj", "{7D2806C5-4CB4-4FE0-AFD7-2D37A920B74E}"
EndProject
Project("{9A19103F-16F7-4668-BE54-9A1E7A4F7556}") = "eDoxa.Games.Domain", "src\eDoxa.Games.Domain\eDoxa.Games.Domain.csproj", "{6D488612-25A3-4884-8DC0-C14F9EA22BD4}"
EndProject
Project("{9A19103F-16F7-4668-BE54-9A1E7A4F7556}") = "eDoxa.Games.Infrastructure", "src\eDoxa.Games.Infrastructure\eDoxa.Games.Infrastructure.csproj", "{FA9BAE0F-D9A8-4E9F-80EE-E7D086A4599B}"
EndProject
Project("{9A19103F-16F7-4668-BE54-9A1E7A4F7556}") = "eDoxa.Games.LeagueOfLegends", "src\eDoxa.Games.LeagueOfLegends\eDoxa.Games.LeagueOfLegends.csproj", "{5D909530-F1A8-4778-919B-BE2C826D7D53}"
EndProject
Project("{9A19103F-16F7-4668-BE54-9A1E7A4F7556}") = "eDoxa.Games.IntegrationTests", "test\eDoxa.Games.IntegrationTests\eDoxa.Games.IntegrationTests.csproj", "{ACA351F9-BC28-48B8-A369-562A6B0CEF64}"
EndProject
Project("{9A19103F-16F7-4668-BE54-9A1E7A4F7556}") = "eDoxa.Games.TestHelper", "test\eDoxa.Games.TestHelper\eDoxa.Games.TestHelper.csproj", "{36A007D3-F1E5-4325-A86A-AB3B222F9408}"
EndProject
Project("{9A19103F-16F7-4668-BE54-9A1E7A4F7556}") = "eDoxa.Games.UnitTests", "test\eDoxa.Games.UnitTests\eDoxa.Games.UnitTests.csproj", "{755982BA-536E-4C99-BA90-F65D79197D2F}"
EndProject
Project("{9A19103F-16F7-4668-BE54-9A1E7A4F7556}") = "eDoxa.Challenges.Responses", "src\eDoxa.Challenges.Responses\eDoxa.Challenges.Responses.csproj", "{0E3F9574-2C48-48E2-BE37-C5179CB79363}"
EndProject
Project("{9A19103F-16F7-4668-BE54-9A1E7A4F7556}") = "eDoxa.Cashier.Responses", "src\eDoxa.Cashier.Responses\eDoxa.Cashier.Responses.csproj", "{292621D8-090A-4A7D-81BF-611793E26FE5}"
EndProject
Project("{9A19103F-16F7-4668-BE54-9A1E7A4F7556}") = "eDoxa.Identity.Responses", "src\eDoxa.Identity.Responses\eDoxa.Identity.Responses.csproj", "{8E20C535-D5E0-4E9F-81AA-4EB4A6465BB2}"
EndProject
Project("{9A19103F-16F7-4668-BE54-9A1E7A4F7556}") = "eDoxa.Challenges.Requests", "src\eDoxa.Challenges.Requests\eDoxa.Challenges.Requests.csproj", "{503C8CEE-42C5-4A37-8FDF-5900D846B599}"
EndProject
Project("{9A19103F-16F7-4668-BE54-9A1E7A4F7556}") = "eDoxa.Cashier.Requests", "src\eDoxa.Cashier.Requests\eDoxa.Cashier.Requests.csproj", "{81E52052-EF0B-4023-9E02-29688D93D6A6}"
EndProject
Project("{9A19103F-16F7-4668-BE54-9A1E7A4F7556}") = "eDoxa.Gateway", "src\eDoxa.Gateway\eDoxa.Gateway.csproj", "{27BAC67F-C292-4709-BECC-C1B9471EE70F}"
EndProject
Project("{2150E333-8FDC-42A3-9474-1A3956D46DE8}") = "Gateways", "Gateways", "{3AF27914-53B7-4357-A4C3-2F2483B0E960}"
EndProject
Project("{9A19103F-16F7-4668-BE54-9A1E7A4F7556}") = "eDoxa.Challenges.Web.Aggregator", "src\eDoxa.Challenges.Web.Aggregator\eDoxa.Challenges.Web.Aggregator.csproj", "{B2C7E145-6751-4C8A-82F1-82D22E5A1BF9}"
EndProject
Project("{9A19103F-16F7-4668-BE54-9A1E7A4F7556}") = "eDoxa.Challenges.Web.Jobs", "src\eDoxa.Challenges.Web.Jobs\eDoxa.Challenges.Web.Jobs.csproj", "{FFCA57B4-64FC-48FA-A288-C17AB81BF3D2}"
EndProject
Global
	GlobalSection(SolutionConfigurationPlatforms) = preSolution
		Debug|Any CPU = Debug|Any CPU
		Release|Any CPU = Release|Any CPU
	EndGlobalSection
	GlobalSection(ProjectConfigurationPlatforms) = postSolution
		{702D7D71-3CD1-436F-BD4E-6A488BB3CFC9}.Debug|Any CPU.ActiveCfg = Debug|Any CPU
		{702D7D71-3CD1-436F-BD4E-6A488BB3CFC9}.Debug|Any CPU.Build.0 = Debug|Any CPU
		{702D7D71-3CD1-436F-BD4E-6A488BB3CFC9}.Release|Any CPU.ActiveCfg = Release|Any CPU
		{702D7D71-3CD1-436F-BD4E-6A488BB3CFC9}.Release|Any CPU.Build.0 = Release|Any CPU
		{A9B47528-7CFE-4614-AB77-1DA20808FE4B}.Debug|Any CPU.ActiveCfg = Debug|Any CPU
		{A9B47528-7CFE-4614-AB77-1DA20808FE4B}.Debug|Any CPU.Build.0 = Debug|Any CPU
		{A9B47528-7CFE-4614-AB77-1DA20808FE4B}.Release|Any CPU.ActiveCfg = Release|Any CPU
		{A9B47528-7CFE-4614-AB77-1DA20808FE4B}.Release|Any CPU.Build.0 = Release|Any CPU
		{A83F8028-ECBA-4DBF-B061-70FA5B20100E}.Debug|Any CPU.ActiveCfg = Debug|Any CPU
		{A83F8028-ECBA-4DBF-B061-70FA5B20100E}.Debug|Any CPU.Build.0 = Debug|Any CPU
		{A83F8028-ECBA-4DBF-B061-70FA5B20100E}.Release|Any CPU.ActiveCfg = Release|Any CPU
		{A83F8028-ECBA-4DBF-B061-70FA5B20100E}.Release|Any CPU.Build.0 = Release|Any CPU
		{5971159D-5B73-4C21-AD50-671B8EAEE388}.Debug|Any CPU.ActiveCfg = Debug|Any CPU
		{5971159D-5B73-4C21-AD50-671B8EAEE388}.Debug|Any CPU.Build.0 = Debug|Any CPU
		{5971159D-5B73-4C21-AD50-671B8EAEE388}.Release|Any CPU.ActiveCfg = Release|Any CPU
		{5971159D-5B73-4C21-AD50-671B8EAEE388}.Release|Any CPU.Build.0 = Release|Any CPU
		{A09B0ACE-CA61-43A5-8861-334A4B29567A}.Debug|Any CPU.ActiveCfg = Debug|Any CPU
		{A09B0ACE-CA61-43A5-8861-334A4B29567A}.Debug|Any CPU.Build.0 = Debug|Any CPU
		{A09B0ACE-CA61-43A5-8861-334A4B29567A}.Release|Any CPU.ActiveCfg = Release|Any CPU
		{A09B0ACE-CA61-43A5-8861-334A4B29567A}.Release|Any CPU.Build.0 = Release|Any CPU
		{B8A54065-A9FA-430B-BEBE-28BA9FD6C3F5}.Debug|Any CPU.ActiveCfg = Debug|Any CPU
		{B8A54065-A9FA-430B-BEBE-28BA9FD6C3F5}.Debug|Any CPU.Build.0 = Debug|Any CPU
		{B8A54065-A9FA-430B-BEBE-28BA9FD6C3F5}.Release|Any CPU.ActiveCfg = Release|Any CPU
		{B8A54065-A9FA-430B-BEBE-28BA9FD6C3F5}.Release|Any CPU.Build.0 = Release|Any CPU
		{307B418B-657C-4713-A160-A0B70249D6A1}.Debug|Any CPU.ActiveCfg = Debug|Any CPU
		{307B418B-657C-4713-A160-A0B70249D6A1}.Debug|Any CPU.Build.0 = Debug|Any CPU
		{307B418B-657C-4713-A160-A0B70249D6A1}.Release|Any CPU.ActiveCfg = Release|Any CPU
		{307B418B-657C-4713-A160-A0B70249D6A1}.Release|Any CPU.Build.0 = Release|Any CPU
		{E06EC71F-1612-48E6-8A6C-71DACCF127F1}.Debug|Any CPU.ActiveCfg = Debug|Any CPU
		{E06EC71F-1612-48E6-8A6C-71DACCF127F1}.Debug|Any CPU.Build.0 = Debug|Any CPU
		{E06EC71F-1612-48E6-8A6C-71DACCF127F1}.Release|Any CPU.ActiveCfg = Release|Any CPU
		{E06EC71F-1612-48E6-8A6C-71DACCF127F1}.Release|Any CPU.Build.0 = Release|Any CPU
		{0E216693-1B71-4DD1-B909-5FF400D4BAA0}.Debug|Any CPU.ActiveCfg = Debug|Any CPU
		{0E216693-1B71-4DD1-B909-5FF400D4BAA0}.Debug|Any CPU.Build.0 = Debug|Any CPU
		{0E216693-1B71-4DD1-B909-5FF400D4BAA0}.Release|Any CPU.ActiveCfg = Release|Any CPU
		{0E216693-1B71-4DD1-B909-5FF400D4BAA0}.Release|Any CPU.Build.0 = Release|Any CPU
		{B16BC4C7-465C-4BCF-842A-6D1062730BD8}.Debug|Any CPU.ActiveCfg = Debug|Any CPU
		{B16BC4C7-465C-4BCF-842A-6D1062730BD8}.Debug|Any CPU.Build.0 = Debug|Any CPU
		{B16BC4C7-465C-4BCF-842A-6D1062730BD8}.Release|Any CPU.ActiveCfg = Release|Any CPU
		{B16BC4C7-465C-4BCF-842A-6D1062730BD8}.Release|Any CPU.Build.0 = Release|Any CPU
		{8E3D90B4-DF0D-473B-BCEF-1BAA57DAE131}.Debug|Any CPU.ActiveCfg = Debug|Any CPU
		{8E3D90B4-DF0D-473B-BCEF-1BAA57DAE131}.Debug|Any CPU.Build.0 = Debug|Any CPU
		{8E3D90B4-DF0D-473B-BCEF-1BAA57DAE131}.Release|Any CPU.ActiveCfg = Release|Any CPU
		{8E3D90B4-DF0D-473B-BCEF-1BAA57DAE131}.Release|Any CPU.Build.0 = Release|Any CPU
		{DC5E1581-D1BC-4CAD-99B0-31DB3BB6F427}.Debug|Any CPU.ActiveCfg = Debug|Any CPU
		{DC5E1581-D1BC-4CAD-99B0-31DB3BB6F427}.Debug|Any CPU.Build.0 = Debug|Any CPU
		{DC5E1581-D1BC-4CAD-99B0-31DB3BB6F427}.Release|Any CPU.ActiveCfg = Release|Any CPU
		{DC5E1581-D1BC-4CAD-99B0-31DB3BB6F427}.Release|Any CPU.Build.0 = Release|Any CPU
		{00AFB87B-B2E8-4A9A-93A7-1010975B3544}.Debug|Any CPU.ActiveCfg = Debug|Any CPU
		{00AFB87B-B2E8-4A9A-93A7-1010975B3544}.Debug|Any CPU.Build.0 = Debug|Any CPU
		{00AFB87B-B2E8-4A9A-93A7-1010975B3544}.Release|Any CPU.ActiveCfg = Release|Any CPU
		{00AFB87B-B2E8-4A9A-93A7-1010975B3544}.Release|Any CPU.Build.0 = Release|Any CPU
		{DB82E7CF-0C28-40B9-B4D1-134313D65685}.Debug|Any CPU.ActiveCfg = Debug|Any CPU
		{DB82E7CF-0C28-40B9-B4D1-134313D65685}.Debug|Any CPU.Build.0 = Debug|Any CPU
		{DB82E7CF-0C28-40B9-B4D1-134313D65685}.Release|Any CPU.ActiveCfg = Release|Any CPU
		{DB82E7CF-0C28-40B9-B4D1-134313D65685}.Release|Any CPU.Build.0 = Release|Any CPU
		{9EAAF936-BC96-437B-8F03-672EA5A8B5D5}.Debug|Any CPU.ActiveCfg = Debug|Any CPU
		{9EAAF936-BC96-437B-8F03-672EA5A8B5D5}.Debug|Any CPU.Build.0 = Debug|Any CPU
		{9EAAF936-BC96-437B-8F03-672EA5A8B5D5}.Release|Any CPU.ActiveCfg = Release|Any CPU
		{9EAAF936-BC96-437B-8F03-672EA5A8B5D5}.Release|Any CPU.Build.0 = Release|Any CPU
		{C086BE95-0D95-4DA4-A93F-88F085508D3B}.Debug|Any CPU.ActiveCfg = Debug|Any CPU
		{C086BE95-0D95-4DA4-A93F-88F085508D3B}.Debug|Any CPU.Build.0 = Debug|Any CPU
		{C086BE95-0D95-4DA4-A93F-88F085508D3B}.Release|Any CPU.ActiveCfg = Release|Any CPU
		{C086BE95-0D95-4DA4-A93F-88F085508D3B}.Release|Any CPU.Build.0 = Release|Any CPU
		{3AB9C9A8-2B81-4F4D-85F5-FCE0FAFADF4A}.Debug|Any CPU.ActiveCfg = Debug|Any CPU
		{3AB9C9A8-2B81-4F4D-85F5-FCE0FAFADF4A}.Debug|Any CPU.Build.0 = Debug|Any CPU
		{3AB9C9A8-2B81-4F4D-85F5-FCE0FAFADF4A}.Release|Any CPU.ActiveCfg = Release|Any CPU
		{3AB9C9A8-2B81-4F4D-85F5-FCE0FAFADF4A}.Release|Any CPU.Build.0 = Release|Any CPU
		{30352CEE-05ED-47C3-B832-B45E600E9718}.Debug|Any CPU.ActiveCfg = Debug|Any CPU
		{30352CEE-05ED-47C3-B832-B45E600E9718}.Debug|Any CPU.Build.0 = Debug|Any CPU
		{30352CEE-05ED-47C3-B832-B45E600E9718}.Release|Any CPU.ActiveCfg = Release|Any CPU
		{30352CEE-05ED-47C3-B832-B45E600E9718}.Release|Any CPU.Build.0 = Release|Any CPU
		{6DA0CBD7-AF86-4939-B71B-EC1B16D72237}.Debug|Any CPU.ActiveCfg = Debug|Any CPU
		{6DA0CBD7-AF86-4939-B71B-EC1B16D72237}.Debug|Any CPU.Build.0 = Debug|Any CPU
		{6DA0CBD7-AF86-4939-B71B-EC1B16D72237}.Release|Any CPU.ActiveCfg = Release|Any CPU
		{6DA0CBD7-AF86-4939-B71B-EC1B16D72237}.Release|Any CPU.Build.0 = Release|Any CPU
		{6E693495-8076-4FD8-9330-FE580EFED715}.Debug|Any CPU.ActiveCfg = Debug|Any CPU
		{6E693495-8076-4FD8-9330-FE580EFED715}.Debug|Any CPU.Build.0 = Debug|Any CPU
		{6E693495-8076-4FD8-9330-FE580EFED715}.Release|Any CPU.ActiveCfg = Release|Any CPU
		{6E693495-8076-4FD8-9330-FE580EFED715}.Release|Any CPU.Build.0 = Release|Any CPU
		{093F7F63-BC13-4892-978A-3142887B3AA5}.Debug|Any CPU.ActiveCfg = Debug|Any CPU
		{093F7F63-BC13-4892-978A-3142887B3AA5}.Debug|Any CPU.Build.0 = Debug|Any CPU
		{093F7F63-BC13-4892-978A-3142887B3AA5}.Release|Any CPU.ActiveCfg = Release|Any CPU
		{093F7F63-BC13-4892-978A-3142887B3AA5}.Release|Any CPU.Build.0 = Release|Any CPU
		{B015B2B4-C5D1-4EE8-B7BB-661D3073C1FE}.Debug|Any CPU.ActiveCfg = Debug|Any CPU
		{B015B2B4-C5D1-4EE8-B7BB-661D3073C1FE}.Debug|Any CPU.Build.0 = Debug|Any CPU
		{B015B2B4-C5D1-4EE8-B7BB-661D3073C1FE}.Release|Any CPU.ActiveCfg = Release|Any CPU
		{B015B2B4-C5D1-4EE8-B7BB-661D3073C1FE}.Release|Any CPU.Build.0 = Release|Any CPU
		{F460E421-8AD3-4D57-BAD5-D52DBB98A7A5}.Debug|Any CPU.ActiveCfg = Debug|Any CPU
		{F460E421-8AD3-4D57-BAD5-D52DBB98A7A5}.Debug|Any CPU.Build.0 = Debug|Any CPU
		{F460E421-8AD3-4D57-BAD5-D52DBB98A7A5}.Release|Any CPU.ActiveCfg = Release|Any CPU
		{F460E421-8AD3-4D57-BAD5-D52DBB98A7A5}.Release|Any CPU.Build.0 = Release|Any CPU
		{0B08531E-88E0-4D0E-908C-B1331E0616E6}.Debug|Any CPU.ActiveCfg = Debug|Any CPU
		{0B08531E-88E0-4D0E-908C-B1331E0616E6}.Debug|Any CPU.Build.0 = Debug|Any CPU
		{0B08531E-88E0-4D0E-908C-B1331E0616E6}.Release|Any CPU.ActiveCfg = Release|Any CPU
		{0B08531E-88E0-4D0E-908C-B1331E0616E6}.Release|Any CPU.Build.0 = Release|Any CPU
		{F8738E79-4602-4DD2-8D3E-9C2214E01AED}.Debug|Any CPU.ActiveCfg = Debug|Any CPU
		{F8738E79-4602-4DD2-8D3E-9C2214E01AED}.Debug|Any CPU.Build.0 = Debug|Any CPU
		{F8738E79-4602-4DD2-8D3E-9C2214E01AED}.Release|Any CPU.ActiveCfg = Release|Any CPU
		{F8738E79-4602-4DD2-8D3E-9C2214E01AED}.Release|Any CPU.Build.0 = Release|Any CPU
		{2A8B0B41-23DE-4C2C-B8D0-87146874E685}.Debug|Any CPU.ActiveCfg = Debug|Any CPU
		{2A8B0B41-23DE-4C2C-B8D0-87146874E685}.Debug|Any CPU.Build.0 = Debug|Any CPU
		{2A8B0B41-23DE-4C2C-B8D0-87146874E685}.Release|Any CPU.ActiveCfg = Release|Any CPU
		{2A8B0B41-23DE-4C2C-B8D0-87146874E685}.Release|Any CPU.Build.0 = Release|Any CPU
		{93453F36-F745-412C-A300-CCE6B1F3A016}.Debug|Any CPU.ActiveCfg = Debug|Any CPU
		{93453F36-F745-412C-A300-CCE6B1F3A016}.Debug|Any CPU.Build.0 = Debug|Any CPU
		{93453F36-F745-412C-A300-CCE6B1F3A016}.Release|Any CPU.ActiveCfg = Release|Any CPU
		{93453F36-F745-412C-A300-CCE6B1F3A016}.Release|Any CPU.Build.0 = Release|Any CPU
		{8BB4499A-B77E-4AA9-B5FC-9B9C74A33D34}.Debug|Any CPU.ActiveCfg = Debug|Any CPU
		{8BB4499A-B77E-4AA9-B5FC-9B9C74A33D34}.Debug|Any CPU.Build.0 = Debug|Any CPU
		{8BB4499A-B77E-4AA9-B5FC-9B9C74A33D34}.Release|Any CPU.ActiveCfg = Release|Any CPU
		{8BB4499A-B77E-4AA9-B5FC-9B9C74A33D34}.Release|Any CPU.Build.0 = Release|Any CPU
		{7B4885CC-EF1F-4E1B-98BB-E0B93863B490}.Debug|Any CPU.ActiveCfg = Debug|Any CPU
		{7B4885CC-EF1F-4E1B-98BB-E0B93863B490}.Debug|Any CPU.Build.0 = Debug|Any CPU
		{7B4885CC-EF1F-4E1B-98BB-E0B93863B490}.Release|Any CPU.ActiveCfg = Release|Any CPU
		{7B4885CC-EF1F-4E1B-98BB-E0B93863B490}.Release|Any CPU.Build.0 = Release|Any CPU
		{3DED1364-623B-4B6B-BC65-F65E87502188}.Debug|Any CPU.ActiveCfg = Debug|Any CPU
		{3DED1364-623B-4B6B-BC65-F65E87502188}.Debug|Any CPU.Build.0 = Debug|Any CPU
		{3DED1364-623B-4B6B-BC65-F65E87502188}.Release|Any CPU.ActiveCfg = Release|Any CPU
		{3DED1364-623B-4B6B-BC65-F65E87502188}.Release|Any CPU.Build.0 = Release|Any CPU
		{68A1C3BD-111B-40E7-86AC-2DF8E7C1D05B}.Debug|Any CPU.ActiveCfg = Debug|Any CPU
		{68A1C3BD-111B-40E7-86AC-2DF8E7C1D05B}.Debug|Any CPU.Build.0 = Debug|Any CPU
		{68A1C3BD-111B-40E7-86AC-2DF8E7C1D05B}.Release|Any CPU.ActiveCfg = Release|Any CPU
		{68A1C3BD-111B-40E7-86AC-2DF8E7C1D05B}.Release|Any CPU.Build.0 = Release|Any CPU
		{1DF6BDAD-E7E1-4B38-89C2-CF77869FC160}.Debug|Any CPU.ActiveCfg = Debug|Any CPU
		{1DF6BDAD-E7E1-4B38-89C2-CF77869FC160}.Debug|Any CPU.Build.0 = Debug|Any CPU
		{1DF6BDAD-E7E1-4B38-89C2-CF77869FC160}.Release|Any CPU.ActiveCfg = Release|Any CPU
		{1DF6BDAD-E7E1-4B38-89C2-CF77869FC160}.Release|Any CPU.Build.0 = Release|Any CPU
		{36A49358-2002-4278-923E-45D4BDD3469F}.Debug|Any CPU.ActiveCfg = Debug|Any CPU
		{36A49358-2002-4278-923E-45D4BDD3469F}.Debug|Any CPU.Build.0 = Debug|Any CPU
		{36A49358-2002-4278-923E-45D4BDD3469F}.Release|Any CPU.ActiveCfg = Release|Any CPU
		{36A49358-2002-4278-923E-45D4BDD3469F}.Release|Any CPU.Build.0 = Release|Any CPU
		{FA3CA3A6-8F54-47D3-B289-3E2B55EF71FB}.Debug|Any CPU.ActiveCfg = Debug|Any CPU
		{FA3CA3A6-8F54-47D3-B289-3E2B55EF71FB}.Debug|Any CPU.Build.0 = Debug|Any CPU
		{FA3CA3A6-8F54-47D3-B289-3E2B55EF71FB}.Release|Any CPU.ActiveCfg = Release|Any CPU
		{FA3CA3A6-8F54-47D3-B289-3E2B55EF71FB}.Release|Any CPU.Build.0 = Release|Any CPU
		{B053D50A-2FD0-4D69-B1C9-45687BC080F3}.Debug|Any CPU.ActiveCfg = Debug|Any CPU
		{B053D50A-2FD0-4D69-B1C9-45687BC080F3}.Debug|Any CPU.Build.0 = Debug|Any CPU
		{B053D50A-2FD0-4D69-B1C9-45687BC080F3}.Release|Any CPU.ActiveCfg = Release|Any CPU
		{B053D50A-2FD0-4D69-B1C9-45687BC080F3}.Release|Any CPU.Build.0 = Release|Any CPU
		{036657EB-B2ED-4C5E-A602-AACAB9058145}.Debug|Any CPU.ActiveCfg = Debug|Any CPU
		{036657EB-B2ED-4C5E-A602-AACAB9058145}.Debug|Any CPU.Build.0 = Debug|Any CPU
		{036657EB-B2ED-4C5E-A602-AACAB9058145}.Release|Any CPU.ActiveCfg = Release|Any CPU
		{036657EB-B2ED-4C5E-A602-AACAB9058145}.Release|Any CPU.Build.0 = Release|Any CPU
		{51910EC7-FF92-4636-BEAB-BC4DB095876F}.Debug|Any CPU.ActiveCfg = Debug|Any CPU
		{51910EC7-FF92-4636-BEAB-BC4DB095876F}.Debug|Any CPU.Build.0 = Debug|Any CPU
		{51910EC7-FF92-4636-BEAB-BC4DB095876F}.Release|Any CPU.ActiveCfg = Release|Any CPU
		{51910EC7-FF92-4636-BEAB-BC4DB095876F}.Release|Any CPU.Build.0 = Release|Any CPU
		{E66B2361-9D1D-435C-A2CA-D80236349406}.Debug|Any CPU.ActiveCfg = Debug|Any CPU
		{E66B2361-9D1D-435C-A2CA-D80236349406}.Debug|Any CPU.Build.0 = Debug|Any CPU
		{E66B2361-9D1D-435C-A2CA-D80236349406}.Release|Any CPU.ActiveCfg = Release|Any CPU
		{E66B2361-9D1D-435C-A2CA-D80236349406}.Release|Any CPU.Build.0 = Release|Any CPU
		{680C8307-33CD-4AEF-BC12-0EA061FF9F3F}.Debug|Any CPU.ActiveCfg = Debug|Any CPU
		{680C8307-33CD-4AEF-BC12-0EA061FF9F3F}.Debug|Any CPU.Build.0 = Debug|Any CPU
		{680C8307-33CD-4AEF-BC12-0EA061FF9F3F}.Release|Any CPU.ActiveCfg = Release|Any CPU
		{680C8307-33CD-4AEF-BC12-0EA061FF9F3F}.Release|Any CPU.Build.0 = Release|Any CPU
		{56576D3A-7B2C-4B74-B2F2-C6A6D8E6C457}.Debug|Any CPU.ActiveCfg = Debug|Any CPU
		{56576D3A-7B2C-4B74-B2F2-C6A6D8E6C457}.Debug|Any CPU.Build.0 = Debug|Any CPU
		{56576D3A-7B2C-4B74-B2F2-C6A6D8E6C457}.Release|Any CPU.ActiveCfg = Release|Any CPU
		{56576D3A-7B2C-4B74-B2F2-C6A6D8E6C457}.Release|Any CPU.Build.0 = Release|Any CPU
		{B738061F-7798-435C-BDAA-839784DC8358}.Debug|Any CPU.ActiveCfg = Debug|Any CPU
		{B738061F-7798-435C-BDAA-839784DC8358}.Debug|Any CPU.Build.0 = Debug|Any CPU
		{B738061F-7798-435C-BDAA-839784DC8358}.Release|Any CPU.ActiveCfg = Release|Any CPU
		{B738061F-7798-435C-BDAA-839784DC8358}.Release|Any CPU.Build.0 = Release|Any CPU
		{16203544-19D8-4981-9442-9D7093747FB5}.Debug|Any CPU.ActiveCfg = Debug|Any CPU
		{16203544-19D8-4981-9442-9D7093747FB5}.Debug|Any CPU.Build.0 = Debug|Any CPU
		{16203544-19D8-4981-9442-9D7093747FB5}.Release|Any CPU.ActiveCfg = Release|Any CPU
		{16203544-19D8-4981-9442-9D7093747FB5}.Release|Any CPU.Build.0 = Release|Any CPU
		{FB172CE4-7060-4FAF-AB5D-958D4F73260C}.Debug|Any CPU.ActiveCfg = Debug|Any CPU
		{FB172CE4-7060-4FAF-AB5D-958D4F73260C}.Debug|Any CPU.Build.0 = Debug|Any CPU
		{FB172CE4-7060-4FAF-AB5D-958D4F73260C}.Release|Any CPU.ActiveCfg = Release|Any CPU
		{FB172CE4-7060-4FAF-AB5D-958D4F73260C}.Release|Any CPU.Build.0 = Release|Any CPU
		{DD9BB908-0706-4E06-93AF-5C95E8B2F10F}.Debug|Any CPU.ActiveCfg = Debug|Any CPU
		{DD9BB908-0706-4E06-93AF-5C95E8B2F10F}.Debug|Any CPU.Build.0 = Debug|Any CPU
		{DD9BB908-0706-4E06-93AF-5C95E8B2F10F}.Release|Any CPU.ActiveCfg = Release|Any CPU
		{DD9BB908-0706-4E06-93AF-5C95E8B2F10F}.Release|Any CPU.Build.0 = Release|Any CPU
		{49762709-6932-4A3D-ABF3-A49BB99F44A4}.Debug|Any CPU.ActiveCfg = Debug|Any CPU
		{49762709-6932-4A3D-ABF3-A49BB99F44A4}.Debug|Any CPU.Build.0 = Debug|Any CPU
		{49762709-6932-4A3D-ABF3-A49BB99F44A4}.Release|Any CPU.ActiveCfg = Release|Any CPU
		{49762709-6932-4A3D-ABF3-A49BB99F44A4}.Release|Any CPU.Build.0 = Release|Any CPU
		{4750BCDD-CC54-4CD6-803E-BBA936F2AC19}.Debug|Any CPU.ActiveCfg = Debug|Any CPU
		{4750BCDD-CC54-4CD6-803E-BBA936F2AC19}.Debug|Any CPU.Build.0 = Debug|Any CPU
		{4750BCDD-CC54-4CD6-803E-BBA936F2AC19}.Release|Any CPU.ActiveCfg = Release|Any CPU
		{4750BCDD-CC54-4CD6-803E-BBA936F2AC19}.Release|Any CPU.Build.0 = Release|Any CPU
		{7E051476-8FCF-4631-BAAA-DBC17E1DAF9C}.Debug|Any CPU.ActiveCfg = Debug|Any CPU
		{7E051476-8FCF-4631-BAAA-DBC17E1DAF9C}.Debug|Any CPU.Build.0 = Debug|Any CPU
		{7E051476-8FCF-4631-BAAA-DBC17E1DAF9C}.Release|Any CPU.ActiveCfg = Release|Any CPU
		{7E051476-8FCF-4631-BAAA-DBC17E1DAF9C}.Release|Any CPU.Build.0 = Release|Any CPU
		{7D2806C5-4CB4-4FE0-AFD7-2D37A920B74E}.Debug|Any CPU.ActiveCfg = Debug|Any CPU
		{7D2806C5-4CB4-4FE0-AFD7-2D37A920B74E}.Debug|Any CPU.Build.0 = Debug|Any CPU
		{7D2806C5-4CB4-4FE0-AFD7-2D37A920B74E}.Release|Any CPU.ActiveCfg = Release|Any CPU
		{7D2806C5-4CB4-4FE0-AFD7-2D37A920B74E}.Release|Any CPU.Build.0 = Release|Any CPU
		{6D488612-25A3-4884-8DC0-C14F9EA22BD4}.Debug|Any CPU.ActiveCfg = Debug|Any CPU
		{6D488612-25A3-4884-8DC0-C14F9EA22BD4}.Debug|Any CPU.Build.0 = Debug|Any CPU
		{6D488612-25A3-4884-8DC0-C14F9EA22BD4}.Release|Any CPU.ActiveCfg = Release|Any CPU
		{6D488612-25A3-4884-8DC0-C14F9EA22BD4}.Release|Any CPU.Build.0 = Release|Any CPU
		{FA9BAE0F-D9A8-4E9F-80EE-E7D086A4599B}.Debug|Any CPU.ActiveCfg = Debug|Any CPU
		{FA9BAE0F-D9A8-4E9F-80EE-E7D086A4599B}.Debug|Any CPU.Build.0 = Debug|Any CPU
		{FA9BAE0F-D9A8-4E9F-80EE-E7D086A4599B}.Release|Any CPU.ActiveCfg = Release|Any CPU
		{FA9BAE0F-D9A8-4E9F-80EE-E7D086A4599B}.Release|Any CPU.Build.0 = Release|Any CPU
		{5D909530-F1A8-4778-919B-BE2C826D7D53}.Debug|Any CPU.ActiveCfg = Debug|Any CPU
		{5D909530-F1A8-4778-919B-BE2C826D7D53}.Debug|Any CPU.Build.0 = Debug|Any CPU
		{5D909530-F1A8-4778-919B-BE2C826D7D53}.Release|Any CPU.ActiveCfg = Release|Any CPU
		{5D909530-F1A8-4778-919B-BE2C826D7D53}.Release|Any CPU.Build.0 = Release|Any CPU
		{ACA351F9-BC28-48B8-A369-562A6B0CEF64}.Debug|Any CPU.ActiveCfg = Debug|Any CPU
		{ACA351F9-BC28-48B8-A369-562A6B0CEF64}.Debug|Any CPU.Build.0 = Debug|Any CPU
		{ACA351F9-BC28-48B8-A369-562A6B0CEF64}.Release|Any CPU.ActiveCfg = Release|Any CPU
		{ACA351F9-BC28-48B8-A369-562A6B0CEF64}.Release|Any CPU.Build.0 = Release|Any CPU
		{36A007D3-F1E5-4325-A86A-AB3B222F9408}.Debug|Any CPU.ActiveCfg = Debug|Any CPU
		{36A007D3-F1E5-4325-A86A-AB3B222F9408}.Debug|Any CPU.Build.0 = Debug|Any CPU
		{36A007D3-F1E5-4325-A86A-AB3B222F9408}.Release|Any CPU.ActiveCfg = Release|Any CPU
		{36A007D3-F1E5-4325-A86A-AB3B222F9408}.Release|Any CPU.Build.0 = Release|Any CPU
		{755982BA-536E-4C99-BA90-F65D79197D2F}.Debug|Any CPU.ActiveCfg = Debug|Any CPU
		{755982BA-536E-4C99-BA90-F65D79197D2F}.Debug|Any CPU.Build.0 = Debug|Any CPU
		{755982BA-536E-4C99-BA90-F65D79197D2F}.Release|Any CPU.ActiveCfg = Release|Any CPU
		{755982BA-536E-4C99-BA90-F65D79197D2F}.Release|Any CPU.Build.0 = Release|Any CPU
		{0E3F9574-2C48-48E2-BE37-C5179CB79363}.Debug|Any CPU.ActiveCfg = Debug|Any CPU
		{0E3F9574-2C48-48E2-BE37-C5179CB79363}.Debug|Any CPU.Build.0 = Debug|Any CPU
		{0E3F9574-2C48-48E2-BE37-C5179CB79363}.Release|Any CPU.ActiveCfg = Release|Any CPU
		{0E3F9574-2C48-48E2-BE37-C5179CB79363}.Release|Any CPU.Build.0 = Release|Any CPU
		{292621D8-090A-4A7D-81BF-611793E26FE5}.Debug|Any CPU.ActiveCfg = Debug|Any CPU
		{292621D8-090A-4A7D-81BF-611793E26FE5}.Debug|Any CPU.Build.0 = Debug|Any CPU
		{292621D8-090A-4A7D-81BF-611793E26FE5}.Release|Any CPU.ActiveCfg = Release|Any CPU
		{292621D8-090A-4A7D-81BF-611793E26FE5}.Release|Any CPU.Build.0 = Release|Any CPU
		{8E20C535-D5E0-4E9F-81AA-4EB4A6465BB2}.Debug|Any CPU.ActiveCfg = Debug|Any CPU
		{8E20C535-D5E0-4E9F-81AA-4EB4A6465BB2}.Debug|Any CPU.Build.0 = Debug|Any CPU
		{8E20C535-D5E0-4E9F-81AA-4EB4A6465BB2}.Release|Any CPU.ActiveCfg = Release|Any CPU
		{8E20C535-D5E0-4E9F-81AA-4EB4A6465BB2}.Release|Any CPU.Build.0 = Release|Any CPU
		{503C8CEE-42C5-4A37-8FDF-5900D846B599}.Debug|Any CPU.ActiveCfg = Debug|Any CPU
		{503C8CEE-42C5-4A37-8FDF-5900D846B599}.Debug|Any CPU.Build.0 = Debug|Any CPU
		{503C8CEE-42C5-4A37-8FDF-5900D846B599}.Release|Any CPU.ActiveCfg = Release|Any CPU
		{503C8CEE-42C5-4A37-8FDF-5900D846B599}.Release|Any CPU.Build.0 = Release|Any CPU
		{81E52052-EF0B-4023-9E02-29688D93D6A6}.Debug|Any CPU.ActiveCfg = Debug|Any CPU
		{81E52052-EF0B-4023-9E02-29688D93D6A6}.Debug|Any CPU.Build.0 = Debug|Any CPU
		{81E52052-EF0B-4023-9E02-29688D93D6A6}.Release|Any CPU.ActiveCfg = Release|Any CPU
		{81E52052-EF0B-4023-9E02-29688D93D6A6}.Release|Any CPU.Build.0 = Release|Any CPU
		{27BAC67F-C292-4709-BECC-C1B9471EE70F}.Debug|Any CPU.ActiveCfg = Debug|Any CPU
		{27BAC67F-C292-4709-BECC-C1B9471EE70F}.Debug|Any CPU.Build.0 = Debug|Any CPU
		{27BAC67F-C292-4709-BECC-C1B9471EE70F}.Release|Any CPU.ActiveCfg = Release|Any CPU
		{27BAC67F-C292-4709-BECC-C1B9471EE70F}.Release|Any CPU.Build.0 = Release|Any CPU
		{B2C7E145-6751-4C8A-82F1-82D22E5A1BF9}.Debug|Any CPU.ActiveCfg = Debug|Any CPU
		{B2C7E145-6751-4C8A-82F1-82D22E5A1BF9}.Debug|Any CPU.Build.0 = Debug|Any CPU
		{B2C7E145-6751-4C8A-82F1-82D22E5A1BF9}.Release|Any CPU.ActiveCfg = Release|Any CPU
		{B2C7E145-6751-4C8A-82F1-82D22E5A1BF9}.Release|Any CPU.Build.0 = Release|Any CPU
		{FFCA57B4-64FC-48FA-A288-C17AB81BF3D2}.Debug|Any CPU.ActiveCfg = Debug|Any CPU
		{FFCA57B4-64FC-48FA-A288-C17AB81BF3D2}.Debug|Any CPU.Build.0 = Debug|Any CPU
		{FFCA57B4-64FC-48FA-A288-C17AB81BF3D2}.Release|Any CPU.ActiveCfg = Release|Any CPU
		{FFCA57B4-64FC-48FA-A288-C17AB81BF3D2}.Release|Any CPU.Build.0 = Release|Any CPU
	EndGlobalSection
	GlobalSection(SolutionProperties) = preSolution
		HideSolutionNode = FALSE
	EndGlobalSection
	GlobalSection(NestedProjects) = preSolution
		{1307B4CE-04FF-4315-BC01-0371760D5C26} = {EEA9BD6B-DDFF-4580-99D3-0FBBC644FC4D}
		{7942CE31-3804-446A-845B-0451884BB6B7} = {EEA9BD6B-DDFF-4580-99D3-0FBBC644FC4D}
		{3799662A-7D24-4FE0-B23F-38281CA1D84E} = {7942CE31-3804-446A-845B-0451884BB6B7}
		{9F1CD6C1-8419-4262-B7AE-F66C530B9EC7} = {7942CE31-3804-446A-845B-0451884BB6B7}
		{E8C72A66-8993-427D-A2BA-73B170309B32} = {EEA9BD6B-DDFF-4580-99D3-0FBBC644FC4D}
		{A9B47528-7CFE-4614-AB77-1DA20808FE4B} = {9F1CD6C1-8419-4262-B7AE-F66C530B9EC7}
		{A83F8028-ECBA-4DBF-B061-70FA5B20100E} = {9F1CD6C1-8419-4262-B7AE-F66C530B9EC7}
		{5971159D-5B73-4C21-AD50-671B8EAEE388} = {9F1CD6C1-8419-4262-B7AE-F66C530B9EC7}
		{A09B0ACE-CA61-43A5-8861-334A4B29567A} = {E8C72A66-8993-427D-A2BA-73B170309B32}
		{7C414564-DB04-47D4-88B1-7C7B24C7904F} = {7942CE31-3804-446A-845B-0451884BB6B7}
		{B8A54065-A9FA-430B-BEBE-28BA9FD6C3F5} = {E8C72A66-8993-427D-A2BA-73B170309B32}
		{307B418B-657C-4713-A160-A0B70249D6A1} = {9F1CD6C1-8419-4262-B7AE-F66C530B9EC7}
		{E06EC71F-1612-48E6-8A6C-71DACCF127F1} = {3799662A-7D24-4FE0-B23F-38281CA1D84E}
		{0E216693-1B71-4DD1-B909-5FF400D4BAA0} = {9F1CD6C1-8419-4262-B7AE-F66C530B9EC7}
		{B16BC4C7-465C-4BCF-842A-6D1062730BD8} = {3799662A-7D24-4FE0-B23F-38281CA1D84E}
		{8E3D90B4-DF0D-473B-BCEF-1BAA57DAE131} = {1307B4CE-04FF-4315-BC01-0371760D5C26}
		{DC5E1581-D1BC-4CAD-99B0-31DB3BB6F427} = {1307B4CE-04FF-4315-BC01-0371760D5C26}
		{00AFB87B-B2E8-4A9A-93A7-1010975B3544} = {1307B4CE-04FF-4315-BC01-0371760D5C26}
		{DB82E7CF-0C28-40B9-B4D1-134313D65685} = {1307B4CE-04FF-4315-BC01-0371760D5C26}
		{9EAAF936-BC96-437B-8F03-672EA5A8B5D5} = {1307B4CE-04FF-4315-BC01-0371760D5C26}
		{C086BE95-0D95-4DA4-A93F-88F085508D3B} = {3799662A-7D24-4FE0-B23F-38281CA1D84E}
		{3AB9C9A8-2B81-4F4D-85F5-FCE0FAFADF4A} = {1307B4CE-04FF-4315-BC01-0371760D5C26}
		{9050415E-2E9D-4737-8D81-A938CD4D1D80} = {7942CE31-3804-446A-845B-0451884BB6B7}
		{30352CEE-05ED-47C3-B832-B45E600E9718} = {9050415E-2E9D-4737-8D81-A938CD4D1D80}
		{6DA0CBD7-AF86-4939-B71B-EC1B16D72237} = {9050415E-2E9D-4737-8D81-A938CD4D1D80}
		{6E693495-8076-4FD8-9330-FE580EFED715} = {41C25D4F-945B-4C32-99B7-E8F8F92CF28F}
		{B2B5AC31-D0E2-402C-87C6-2DFFBAA690D5} = {7942CE31-3804-446A-845B-0451884BB6B7}
		{77BF035E-3B62-4A95-A525-90E94E48038B} = {7942CE31-3804-446A-845B-0451884BB6B7}
		{24E16D8E-A0C5-4B26-BF36-EBBE730FF234} = {7942CE31-3804-446A-845B-0451884BB6B7}
		{093F7F63-BC13-4892-978A-3142887B3AA5} = {24E16D8E-A0C5-4B26-BF36-EBBE730FF234}
		{B015B2B4-C5D1-4EE8-B7BB-661D3073C1FE} = {24E16D8E-A0C5-4B26-BF36-EBBE730FF234}
		{F460E421-8AD3-4D57-BAD5-D52DBB98A7A5} = {24E16D8E-A0C5-4B26-BF36-EBBE730FF234}
		{0B08531E-88E0-4D0E-908C-B1331E0616E6} = {24E16D8E-A0C5-4B26-BF36-EBBE730FF234}
		{F8738E79-4602-4DD2-8D3E-9C2214E01AED} = {24E16D8E-A0C5-4B26-BF36-EBBE730FF234}
		{2A8B0B41-23DE-4C2C-B8D0-87146874E685} = {9050415E-2E9D-4737-8D81-A938CD4D1D80}
		{93453F36-F745-412C-A300-CCE6B1F3A016} = {9050415E-2E9D-4737-8D81-A938CD4D1D80}
		{8BB4499A-B77E-4AA9-B5FC-9B9C74A33D34} = {9050415E-2E9D-4737-8D81-A938CD4D1D80}
		{7B4885CC-EF1F-4E1B-98BB-E0B93863B490} = {9F1CD6C1-8419-4262-B7AE-F66C530B9EC7}
		{3DED1364-623B-4B6B-BC65-F65E87502188} = {3799662A-7D24-4FE0-B23F-38281CA1D84E}
		{68A1C3BD-111B-40E7-86AC-2DF8E7C1D05B} = {24E16D8E-A0C5-4B26-BF36-EBBE730FF234}
		{1DF6BDAD-E7E1-4B38-89C2-CF77869FC160} = {9050415E-2E9D-4737-8D81-A938CD4D1D80}
		{36A49358-2002-4278-923E-45D4BDD3469F} = {1307B4CE-04FF-4315-BC01-0371760D5C26}
		{63922276-5615-4A61-8A84-B57E676C6D47} = {6320F9AE-AC74-456A-869F-5A570C3467AB}
		{EDC9E143-7B40-40BE-9AB8-10EE8A346EB9} = {6320F9AE-AC74-456A-869F-5A570C3467AB}
		{FA3CA3A6-8F54-47D3-B289-3E2B55EF71FB} = {7C414564-DB04-47D4-88B1-7C7B24C7904F}
		{B053D50A-2FD0-4D69-B1C9-45687BC080F3} = {7C414564-DB04-47D4-88B1-7C7B24C7904F}
		{036657EB-B2ED-4C5E-A602-AACAB9058145} = {7C414564-DB04-47D4-88B1-7C7B24C7904F}
		{51910EC7-FF92-4636-BEAB-BC4DB095876F} = {7C414564-DB04-47D4-88B1-7C7B24C7904F}
		{E66B2361-9D1D-435C-A2CA-D80236349406} = {7C414564-DB04-47D4-88B1-7C7B24C7904F}
		{680C8307-33CD-4AEF-BC12-0EA061FF9F3F} = {7C414564-DB04-47D4-88B1-7C7B24C7904F}
		{56576D3A-7B2C-4B74-B2F2-C6A6D8E6C457} = {77BF035E-3B62-4A95-A525-90E94E48038B}
		{B738061F-7798-435C-BDAA-839784DC8358} = {77BF035E-3B62-4A95-A525-90E94E48038B}
		{16203544-19D8-4981-9442-9D7093747FB5} = {77BF035E-3B62-4A95-A525-90E94E48038B}
		{FB172CE4-7060-4FAF-AB5D-958D4F73260C} = {77BF035E-3B62-4A95-A525-90E94E48038B}
		{DD9BB908-0706-4E06-93AF-5C95E8B2F10F} = {77BF035E-3B62-4A95-A525-90E94E48038B}
		{49762709-6932-4A3D-ABF3-A49BB99F44A4} = {77BF035E-3B62-4A95-A525-90E94E48038B}
		{4750BCDD-CC54-4CD6-803E-BBA936F2AC19} = {B2B5AC31-D0E2-402C-87C6-2DFFBAA690D5}
		{7E051476-8FCF-4631-BAAA-DBC17E1DAF9C} = {B2B5AC31-D0E2-402C-87C6-2DFFBAA690D5}
		{7D2806C5-4CB4-4FE0-AFD7-2D37A920B74E} = {B2B5AC31-D0E2-402C-87C6-2DFFBAA690D5}
		{6D488612-25A3-4884-8DC0-C14F9EA22BD4} = {B2B5AC31-D0E2-402C-87C6-2DFFBAA690D5}
		{FA9BAE0F-D9A8-4E9F-80EE-E7D086A4599B} = {B2B5AC31-D0E2-402C-87C6-2DFFBAA690D5}
		{5D909530-F1A8-4778-919B-BE2C826D7D53} = {B2B5AC31-D0E2-402C-87C6-2DFFBAA690D5}
		{ACA351F9-BC28-48B8-A369-562A6B0CEF64} = {B2B5AC31-D0E2-402C-87C6-2DFFBAA690D5}
		{36A007D3-F1E5-4325-A86A-AB3B222F9408} = {B2B5AC31-D0E2-402C-87C6-2DFFBAA690D5}
		{755982BA-536E-4C99-BA90-F65D79197D2F} = {B2B5AC31-D0E2-402C-87C6-2DFFBAA690D5}
		{0E3F9574-2C48-48E2-BE37-C5179CB79363} = {7C414564-DB04-47D4-88B1-7C7B24C7904F}
		{292621D8-090A-4A7D-81BF-611793E26FE5} = {9F1CD6C1-8419-4262-B7AE-F66C530B9EC7}
		{8E20C535-D5E0-4E9F-81AA-4EB4A6465BB2} = {3799662A-7D24-4FE0-B23F-38281CA1D84E}
		{503C8CEE-42C5-4A37-8FDF-5900D846B599} = {7C414564-DB04-47D4-88B1-7C7B24C7904F}
		{81E52052-EF0B-4023-9E02-29688D93D6A6} = {9F1CD6C1-8419-4262-B7AE-F66C530B9EC7}
		{27BAC67F-C292-4709-BECC-C1B9471EE70F} = {3AF27914-53B7-4357-A4C3-2F2483B0E960}
		{3AF27914-53B7-4357-A4C3-2F2483B0E960} = {EEA9BD6B-DDFF-4580-99D3-0FBBC644FC4D}
		{B2C7E145-6751-4C8A-82F1-82D22E5A1BF9} = {7C414564-DB04-47D4-88B1-7C7B24C7904F}
		{FFCA57B4-64FC-48FA-A288-C17AB81BF3D2} = {7C414564-DB04-47D4-88B1-7C7B24C7904F}
	EndGlobalSection
	GlobalSection(ExtensibilityGlobals) = postSolution
		SolutionGuid = {8BB3B9BB-6C76-478F-982F-E2E084DBDFAC}
	EndGlobalSection
EndGlobal
