dependencies:
- name: seq
  repository: https://kubernetes-charts.storage.googleapis.com/
  version: 1.0.2
- name: mssql-linux
  repository: https://kubernetes-charts.storage.googleapis.com/
  version: 0.10.0
- name: redis
  repository: https://kubernetes-charts.storage.googleapis.com/
  version: 9.1.7
- name: rabbitmq
  repository: https://kubernetes-charts.storage.googleapis.com/
  version: 6.4.4
digest: sha256:80fcb60703af11a983cc971d625627fd4561591a2efe0f467d67258277c472a8
generated: "2019-09-09T12:00:22.1817873-04:00"
